// !$*UTF8*$!
{
	archiveVersion = 1;
	classes = {
	};
	objectVersion = 70;
	objects = {

/* Begin PBXBuildFile section */
		9412F0762D5B4BEB00D9F1BD /* Ship.swift in Sources */ = {isa = PBXBuildFile; fileRef = 9412F0752D5B4BE500D9F1BD /* Ship.swift */; };
		941706D92972A5F400CB0308 /* ApacheHelicopter.swift in Sources */ = {isa = PBXBuildFile; fileRef = 941706D82972A5F400CB0308 /* ApacheHelicopter.swift */; };
		941706DA2972A5F400CB0309 /* HelicopterObject.swift in Sources */ = {isa = PBXBuildFile; fileRef = 941706DB2972A5F400CB0309 /* HelicopterObject.swift */; };
		94396BD22D7B36A300A83CF4 /* CGPoint+Extension.swift in Sources */ = {isa = PBXBuildFile; fileRef = 94396BD12D7B369800A83CF4 /* CGPoint+Extension.swift */; };
		94396BD62D7B469600A83CF4 /* GameViewController+JoystickSceneDelegate.swift in Sources */ = {isa = PBXBuildFile; fileRef = 94396BD52D7B468C00A83CF4 /* GameViewController+JoystickSceneDelegate.swift */; };
		94396BD82D7B46F000A83CF4 /* GameViewController+ARCoachingOverlayViewDelegate.swift in Sources */ = {isa = PBXBuildFile; fileRef = 94396BD72D7B46E400A83CF4 /* GameViewController+ARCoachingOverlayViewDelegate.swift */; };
		94396BDA2D7B474900A83CF4 /* GameViewController+Text.swift in Sources */ = {isa = PBXBuildFile; fileRef = 94396BD92D7B473E00A83CF4 /* GameViewController+Text.swift */; };
		94423DD22DAB41BC007B5945 /* BoardAnchor.swift in Sources */ = {isa = PBXBuildFile; fileRef = 94423DD12DAB41B8007B5945 /* BoardAnchor.swift */; };
		94423DD42DAB41DD007B5945 /* KeyPositionAnchor.swift in Sources */ = {isa = PBXBuildFile; fileRef = 94423DD32DAB41DD007B5945 /* KeyPositionAnchor.swift */; };
		94423DD62DAB4214007B5945 /* ARWorldMap+Extension.swift in Sources */ = {isa = PBXBuildFile; fileRef = 94423DD52DAB420C007B5945 /* ARWorldMap+Extension.swift */; };
		94423DD82DAB425A007B5945 /* GameBoardLocation.swift in Sources */ = {isa = PBXBuildFile; fileRef = 94423DD72DAB4255007B5945 /* GameBoardLocation.swift */; };
		94423DDA2DAB42C1007B5945 /* BoardSetupAction.swift in Sources */ = {isa = PBXBuildFile; fileRef = 94423DD92DAB42BE007B5945 /* BoardSetupAction.swift */; };
		94423DDC2DAB42F6007B5945 /* GameVelocity.swift in Sources */ = {isa = PBXBuildFile; fileRef = 94423DDB2DAB42F5007B5945 /* GameVelocity.swift */; };
		94423DDE2DAB433E007B5945 /* CompletedAction.swift in Sources */ = {isa = PBXBuildFile; fileRef = 94423DDD2DAB433C007B5945 /* CompletedAction.swift */; };
		94423DE02DAB4360007B5945 /* MoveData.swift in Sources */ = {isa = PBXBuildFile; fileRef = 94423DDF2DAB435F007B5945 /* MoveData.swift */; };
		94423DE22DAB438B007B5945 /* AddNodeAction.swift in Sources */ = {isa = PBXBuildFile; fileRef = 94423DE12DAB4388007B5945 /* AddNodeAction.swift */; };
		94423DE42DAB43BB007B5945 /* GameAction.swift in Sources */ = {isa = PBXBuildFile; fileRef = 94423DE32DAB43B8007B5945 /* GameAction.swift */; };
		94423DE62DAB43ED007B5945 /* Action.swift in Sources */ = {isa = PBXBuildFile; fileRef = 94423DE52DAB43EB007B5945 /* Action.swift */; };
		94423DE82DAB4434007B5945 /* Direction.swift in Sources */ = {isa = PBXBuildFile; fileRef = 94423DE72DAB4432007B5945 /* Direction.swift */; };
		94423DEB2DAB4597007B5945 /* FloatCompressor.swift in Sources */ = {isa = PBXBuildFile; fileRef = 94423DEA2DAB4594007B5945 /* FloatCompressor.swift */; };
		94423DED2DAB45C7007B5945 /* WritableBitStream.swift in Sources */ = {isa = PBXBuildFile; fileRef = 94423DEC2DAB45C6007B5945 /* WritableBitStream.swift */; };
		94423DF02DAB44AA007B5945 /* SyncDataStructures.swift in Sources */ = {isa = PBXBuildFile; fileRef = 94423DEF2DAB44A7007B5945 /* SyncDataStructures.swift */; };
		944254542E2457ED00F025C4 /* F-35B_Lightning_II.usdz in Resources */ = {isa = PBXBuildFile; fileRef = 944254532E2457EC00F025C4 /* F-35B_Lightning_II.usdz */; };
		9455B7532D60C73F0019FE10 /* MissileManager.swift in Sources */ = {isa = PBXBuildFile; fileRef = 9455B7522D60C73B0019FE10 /* MissileManager.swift */; };
		9455B7552D60C74A0019FE10 /* ShipManager.swift in Sources */ = {isa = PBXBuildFile; fileRef = 9455B7542D60C7460019FE10 /* ShipManager.swift */; };
		945B16AB294E9F5B00482E14 /* Joystick.swift in Sources */ = {isa = PBXBuildFile; fileRef = 945B16AA294E9F5B00482E14 /* Joystick.swift */; };
		945B16AD294EB34800482E14 /* JoystickScene.swift in Sources */ = {isa = PBXBuildFile; fileRef = 945B16AC294EB34800482E14 /* JoystickScene.swift */; };
		9462899F2E26495C009EC2E2 /* m1tankmodel.usdz in Resources */ = {isa = PBXBuildFile; fileRef = 9462899E2E26495C009EC2E2 /* m1tankmodel.usdz */; };
		9466909F2D9E3CD700343B1B /* BitStreamCodable.swift in Sources */ = {isa = PBXBuildFile; fileRef = 9466909E2D9E3CD700343B1B /* BitStreamCodable.swift */; };
		946690A02D9E3CD700343B1B /* BitStream.swift in Sources */ = {isa = PBXBuildFile; fileRef = 9466909D2D9E3CD700343B1B /* BitStream.swift */; };
		946690A52D9E3CF900343B1B /* MovementSyncSceneData.swift in Sources */ = {isa = PBXBuildFile; fileRef = 946690A42D9E3CF900343B1B /* MovementSyncSceneData.swift */; };
		946690A62D9E3CF900343B1B /* MovementSyncData.swift in Sources */ = {isa = PBXBuildFile; fileRef = 946690A32D9E3CF900343B1B /* MovementSyncData.swift */; };
		946690A72D9E3CF900343B1B /* MovementData.swift in Sources */ = {isa = PBXBuildFile; fileRef = 946690A22D9E3CF900343B1B /* MovementData.swift */; };
		946690AA2D9E3D3F00343B1B /* Data+Compression.swift in Sources */ = {isa = PBXBuildFile; fileRef = 946690A92D9E3D3F00343B1B /* Data+Compression.swift */; };
		946690AC2D9E3D7A00343B1B /* GameObject.swift in Sources */ = {isa = PBXBuildFile; fileRef = 946690AB2D9E3D7A00343B1B /* GameObject.swift */; };
		946690AE2D9E3D8B00343B1B /* Player.swift in Sources */ = {isa = PBXBuildFile; fileRef = 946690AD2D9E3D8B00343B1B /* Player.swift */; };
		946690B02D9E3D9A00343B1B /* GameTime.swift in Sources */ = {isa = PBXBuildFile; fileRef = 946690AF2D9E3D9A00343B1B /* GameTime.swift */; };
		946690B22D9E3DA900343B1B /* NetworkGame.swift in Sources */ = {isa = PBXBuildFile; fileRef = 946690B12D9E3DA900343B1B /* NetworkGame.swift */; };
		946690B42D9E3DB400343B1B /* NetworkSession.swift in Sources */ = {isa = PBXBuildFile; fileRef = 946690B32D9E3DB400343B1B /* NetworkSession.swift */; };
		946690B62D9E3DB800343B1B /* GameBrowser.swift in Sources */ = {isa = PBXBuildFile; fileRef = 946690B52D9E3DB800343B1B /* GameBrowser.swift */; };
		946690B82D9E3DD800343B1B /* Bundle+Helpers.swift in Sources */ = {isa = PBXBuildFile; fileRef = 946690B72D9E3DD800343B1B /* Bundle+Helpers.swift */; };
		946690BB2D9E3DFA00343B1B /* Action+Signposts.swift in Sources */ = {isa = PBXBuildFile; fileRef = 946690B92D9E3DFA00343B1B /* Action+Signposts.swift */; };
		946690BC2D9E3DFA00343B1B /* SignpostData.swift in Sources */ = {isa = PBXBuildFile; fileRef = 946690BA2D9E3DFA00343B1B /* SignpostData.swift */; };
		946690BF2D9E3E5100343B1B /* GameCommand.swift in Sources */ = {isa = PBXBuildFile; fileRef = 946690BE2D9E3E5100343B1B /* GameCommand.swift */; };
		946690C12D9E3E9000343B1B /* GameManager.swift in Sources */ = {isa = PBXBuildFile; fileRef = 946690C02D9E3E9000343B1B /* GameManager.swift */; };
		946690C32D9E3ECF00343B1B /* UserDefaults+Helpers.swift in Sources */ = {isa = PBXBuildFile; fileRef = 946690C22D9E3ECF00343B1B /* UserDefaults+Helpers.swift */; };
		946690C52D9E3FB700343B1B /* NetworkGameBrowserViewController.swift in Sources */ = {isa = PBXBuildFile; fileRef = 946690C42D9E3FB700343B1B /* NetworkGameBrowserViewController.swift */; };
		946690C72D9E3FE100343B1B /* GameCell.swift in Sources */ = {isa = PBXBuildFile; fileRef = 946690C62D9E3FE100343B1B /* GameCell.swift */; };
		946690C92D9E3FF400343B1B /* GameStartViewController.swift in Sources */ = {isa = PBXBuildFile; fileRef = 946690C82D9E3FF400343B1B /* GameStartViewController.swift */; };
		9467A30B2BB918EE0023EA62 /* M1Tank.swift in Sources */ = {isa = PBXBuildFile; fileRef = 9467A30A2BB918EE0023EA62 /* M1Tank.swift */; };
		9467A30F2BB93A840023EA62 /* Shell.swift in Sources */ = {isa = PBXBuildFile; fileRef = 9467A30E2BB93A840023EA62 /* Shell.swift */; };
		9470AE472974001A00A55134 /* MenuViewController.swift in Sources */ = {isa = PBXBuildFile; fileRef = 9470AE462974001A00A55134 /* MenuViewController.swift */; };
		947691C42E2B5ED300F22DE4 /* SceneDelegate.swift in Sources */ = {isa = PBXBuildFile; fileRef = 947691C32E2B5ECD00F22DE4 /* SceneDelegate.swift */; };
		947691C62E2B801300F22DE4 /* ModelLoadError.swift in Sources */ = {isa = PBXBuildFile; fileRef = 947691C52E2B801100F22DE4 /* ModelLoadError.swift */; };
		947691C82E2B804700F22DE4 /* AsyncModelLoader.swift in Sources */ = {isa = PBXBuildFile; fileRef = 947691C72E2B804400F22DE4 /* AsyncModelLoader.swift */; };
		947691CA2E2B80BF00F22DE4 /* MissileTrackingInfo.swift in Sources */ = {isa = PBXBuildFile; fileRef = 947691C92E2B80BC00F22DE4 /* MissileTrackingInfo.swift */; };
		947691CC2E2B80E600F22DE4 /* MissileManagerDelegate.swift in Sources */ = {isa = PBXBuildFile; fileRef = 947691CB2E2B80E200F22DE4 /* MissileManagerDelegate.swift */; };
		94874EB02E258A3900453E04 /* Missile.swift in Sources */ = {isa = PBXBuildFile; fileRef = 94874EAF2E258A3900453E04 /* Missile.swift */; };
		94874EB42E25C95700453E04 /* heli.usdz in Resources */ = {isa = PBXBuildFile; fileRef = 94874EB32E25C95700453E04 /* heli.usdz */; };
		9488F2032D657BA6001C08D9 /* ReticleEntity.swift in Sources */ = {isa = PBXBuildFile; fileRef = 9488F2022D657BA2001C08D9 /* ReticleEntity.swift */; };
		949602D72E2CCAB90021B8E7 /* TestPlan.xctestplan in Resources */ = {isa = PBXBuildFile; fileRef = 949602D62E2CCAB90021B8E7 /* TestPlan.xctestplan */; };
		94A68F722C8797070059CD82 /* Matrix4+Extension.swift in Sources */ = {isa = PBXBuildFile; fileRef = 94A68F712C8797070059CD82 /* Matrix4+Extension.swift */; };
		94A68F742C87972E0059CD82 /* Quaternion+Extension.swift in Sources */ = {isa = PBXBuildFile; fileRef = 94A68F732C87972E0059CD82 /* Quaternion+Extension.swift */; };
		94B173E32DA9CC420015DC0D /* GameViewController+GameManagerDelegate.swift in Sources */ = {isa = PBXBuildFile; fileRef = 94B173E22DA9CC390015DC0D /* GameViewController+GameManagerDelegate.swift */; };
		94B173E52DA9CCD30015DC0D /* GameViewController+GameStartViewControllerDelegate.swift in Sources */ = {isa = PBXBuildFile; fileRef = 94B173E42DA9CCCC0015DC0D /* GameViewController+GameStartViewControllerDelegate.swift */; };
		94B173E72DAA30540015DC0D /* GameStartViewControllerDelegate.swift in Sources */ = {isa = PBXBuildFile; fileRef = 94B173E62DAA30520015DC0D /* GameStartViewControllerDelegate.swift */; };
		94B173E92DAA308E0015DC0D /* GameBrowserDelegate.swift in Sources */ = {isa = PBXBuildFile; fileRef = 94B173E82DAA308D0015DC0D /* GameBrowserDelegate.swift */; };
		94B173EB2DAA30D90015DC0D /* NetworkSessionDelegate.swift in Sources */ = {isa = PBXBuildFile; fileRef = 94B173EA2DAA30D70015DC0D /* NetworkSessionDelegate.swift */; };
		94B173EF2DAA321B0015DC0D /* GameManagerDelegate.swift in Sources */ = {isa = PBXBuildFile; fileRef = 94B173EE2DAA321A0015DC0D /* GameManagerDelegate.swift */; };
		94B173F52DAA34A70015DC0D /* MovementSyncSceneDataDelegate.swift in Sources */ = {isa = PBXBuildFile; fileRef = 94B173F42DAA34A60015DC0D /* MovementSyncSceneDataDelegate.swift */; };
		94B173F72DAA35240015DC0D /* MultiuserAttribute.swift in Sources */ = {isa = PBXBuildFile; fileRef = 94B173F62DAA35230015DC0D /* MultiuserAttribute.swift */; };
		94B173F92DAA353F0015DC0D /* MultiuserService.swift in Sources */ = {isa = PBXBuildFile; fileRef = 94B173F82DAA353D0015DC0D /* MultiuserService.swift */; };
		94B6E8462D7B60BA0064ABD7 /* NotificationName+Extension.swift in Sources */ = {isa = PBXBuildFile; fileRef = 94B6E8452D7B60AC0064ABD7 /* NotificationName+Extension.swift */; };
		94C881A82D5D05C20050119D /* Game.swift in Sources */ = {isa = PBXBuildFile; fileRef = 94C881A72D5D05B50050119D /* Game.swift */; };
		94CB148E2C8793BF0065E1B0 /* UIColor+Extension.swift in Sources */ = {isa = PBXBuildFile; fileRef = 94CB148D2C8793BF0065E1B0 /* UIColor+Extension.swift */; };
		94CCC8EB2972D14600F7D17F /* audio.m4a in Resources */ = {isa = PBXBuildFile; fileRef = 94CCC8EA2972D14600F7D17F /* audio.m4a */; };
		94CCC8F02972D97700F7D17F /* JoystickDelegate.swift in Sources */ = {isa = PBXBuildFile; fileRef = 94CCC8EF2972D97700F7D17F /* JoystickDelegate.swift */; };
		94CCC8FF2972E43500F7D17F /* FloatingPoint+Extension.swift in Sources */ = {isa = PBXBuildFile; fileRef = 94CCC8FE2972E43500F7D17F /* FloatingPoint+Extension.swift */; };
		94CCC90A2972E54000F7D17F /* Scene+Extension.swift in Sources */ = {isa = PBXBuildFile; fileRef = 94CCC9092972E54000F7D17F /* Scene+Extension.swift */; };
		94CCC90E2972EB2400F7D17F /* GameSceneView.swift in Sources */ = {isa = PBXBuildFile; fileRef = 94CCC90D2972EB2300F7D17F /* GameSceneView.swift */; };
		94CCC9122972FFB500F7D17F /* DeviceOrientation.swift in Sources */ = {isa = PBXBuildFile; fileRef = 94CCC9112972FFB500F7D17F /* DeviceOrientation.swift */; };
		94CF99122E24597000E780DE /* MeshResource+Conversion.swift in Sources */ = {isa = PBXBuildFile; fileRef = 94CF990D2E24596F00E780DE /* MeshResource+Conversion.swift */; };
		94CF99132E24597000E780DE /* ShapeResource+Conversion.swift in Sources */ = {isa = PBXBuildFile; fileRef = 94CF990E2E24596F00E780DE /* ShapeResource+Conversion.swift */; };
		94CF99142E24597000E780DE /* simd_quatf+Extension.swift in Sources */ = {isa = PBXBuildFile; fileRef = 94CF99102E24596F00E780DE /* simd_quatf+Extension.swift */; };
		94CF99152E24597000E780DE /* Material+Conversion.swift in Sources */ = {isa = PBXBuildFile; fileRef = 94CF990C2E24596F00E780DE /* Material+Conversion.swift */; };
		94CF99162E24597000E780DE /* SIMD3+Extension.swift in Sources */ = {isa = PBXBuildFile; fileRef = 94CF99112E24596F00E780DE /* SIMD3+Extension.swift */; };
		94CF99172E24597000E780DE /* Entity+Conversion.swift in Sources */ = {isa = PBXBuildFile; fileRef = 94CF990B2E24596F00E780DE /* Entity+Conversion.swift */; };
		94CF99182E24597000E780DE /* simd_float4x4+Extension.swift in Sources */ = {isa = PBXBuildFile; fileRef = 94CF990F2E24596F00E780DE /* simd_float4x4+Extension.swift */; };
		94CF991B2E245F1900E780DE /* FocusSquare.swift in Sources */ = {isa = PBXBuildFile; fileRef = 94CF991A2E245F1900E780DE /* FocusSquare.swift */; };
		94CF991C2E245F1900E780DE /* FocusCircle.swift in Sources */ = {isa = PBXBuildFile; fileRef = 94CF99192E245F1900E780DE /* FocusCircle.swift */; };
		94CF99222E24606D00E780DE /* ParticleEmitterComponent+Explosion.swift in Sources */ = {isa = PBXBuildFile; fileRef = 94CF99212E24606D00E780DE /* ParticleEmitterComponent+Explosion.swift */; };
		94CF992A2E24B79300E780DE /* GameViewController+ARSessionDelegate.swift in Sources */ = {isa = PBXBuildFile; fileRef = 94CF99292E24B79300E780DE /* GameViewController+ARSessionDelegate.swift */; };
		94D182972E2C8686001201FE /* PhysicsBodyComponent+Extension.swift in Sources */ = {isa = PBXBuildFile; fileRef = 94D182962E2C8686001201FE /* PhysicsBodyComponent+Extension.swift */; };
		94D182992E2C8F2F001201FE /* spark.png in Resources */ = {isa = PBXBuildFile; fileRef = 94D182982E2C8F2F001201FE /* spark.png */; };
		94D1829B2E2C8F6C001201FE /* environment_blur.exr in Resources */ = {isa = PBXBuildFile; fileRef = 94D1829A2E2C8F6C001201FE /* environment_blur.exr */; };
		94D182A02E2C8F9B001201FE /* pitch_horizon.png in Resources */ = {isa = PBXBuildFile; fileRef = 94D1829C2E2C8F9B001201FE /* pitch_horizon.png */; };
		94D182A12E2C8F9B001201FE /* throttle_meter.png in Resources */ = {isa = PBXBuildFile; fileRef = 94D1829F2E2C8F9B001201FE /* throttle_meter.png */; };
		94D182A22E2C8F9B001201FE /* pitch_positive.png in Resources */ = {isa = PBXBuildFile; fileRef = 94D1829E2E2C8F9B001201FE /* pitch_positive.png */; };
		94D182A32E2C8F9B001201FE /* pitch_negative.png in Resources */ = {isa = PBXBuildFile; fileRef = 94D1829D2E2C8F9B001201FE /* pitch_negative.png */; };
		94D182A52E2C9172001201FE /* AppDelegate.swift in Sources */ = {isa = PBXBuildFile; fileRef = 94D182A42E2C9172001201FE /* AppDelegate.swift */; };
		94D598442BB9037400B31874 /* ARMeshGeometry+Extension.swift in Sources */ = {isa = PBXBuildFile; fileRef = 94D598432BB9037400B31874 /* ARMeshGeometry+Extension.swift */; };
		94D630322976077000096104 /* UIFont+Extension.swift in Sources */ = {isa = PBXBuildFile; fileRef = 94D630312976077000096104 /* UIFont+Extension.swift */; };
		94DF3F082975F167006723FC /* UIView+Extension.swift in Sources */ = {isa = PBXBuildFile; fileRef = 94DF3F072975F15F006723FC /* UIView+Extension.swift */; };
		94E5448F29672EE200158DA2 /* JoystickSceneDelegate.swift in Sources */ = {isa = PBXBuildFile; fileRef = 94E5448E29672EE200158DA2 /* JoystickSceneDelegate.swift */; };
		94F5D19C2D5CAEA000019569 /* MinimapScene.swift in Sources */ = {isa = PBXBuildFile; fileRef = 94F5D19B2D5CAE9B00019569 /* MinimapScene.swift */; };
		94F968A82AD7337F00D7B418 /* OcclusionNode.swift in Sources */ = {isa = PBXBuildFile; fileRef = 94F968A72AD7337F00D7B418 /* OcclusionNode.swift */; };
		A7AE72C21F888EF500B015D3 /* GameViewController.swift in Sources */ = {isa = PBXBuildFile; fileRef = A7AE72C11F888EF500B015D3 /* GameViewController.swift */; };
		A7AE72C71F888EF500B015D3 /* Assets.xcassets in Resources */ = {isa = PBXBuildFile; fileRef = A7AE72C61F888EF500B015D3 /* Assets.xcassets */; };
/* End PBXBuildFile section */

/* Begin PBXContainerItemProxy section */
		94E6B9A12E2CCA00008392FF /* PBXContainerItemProxy */ = {
			isa = PBXContainerItemProxy;
			containerPortal = A7AE72B21F888EF500B015D3 /* Project object */;
			proxyType = 1;
			remoteGlobalIDString = A7AE72B91F888EF500B015D3;
			remoteInfo = ARKitDrone;
		};
/* End PBXContainerItemProxy section */

/* Begin PBXFileReference section */
		9412F0752D5B4BE500D9F1BD /* Ship.swift */ = {isa = PBXFileReference; lastKnownFileType = sourcecode.swift; path = Ship.swift; sourceTree = "<group>"; };
		941706D82972A5F400CB0308 /* ApacheHelicopter.swift */ = {isa = PBXFileReference; lastKnownFileType = sourcecode.swift; path = ApacheHelicopter.swift; sourceTree = "<group>"; };
		941706DB2972A5F400CB0309 /* HelicopterObject.swift */ = {isa = PBXFileReference; lastKnownFileType = sourcecode.swift; path = HelicopterObject.swift; sourceTree = "<group>"; };
		94396BD12D7B369800A83CF4 /* CGPoint+Extension.swift */ = {isa = PBXFileReference; lastKnownFileType = sourcecode.swift; path = "CGPoint+Extension.swift"; sourceTree = "<group>"; };
		94396BD52D7B468C00A83CF4 /* GameViewController+JoystickSceneDelegate.swift */ = {isa = PBXFileReference; lastKnownFileType = sourcecode.swift; path = "GameViewController+JoystickSceneDelegate.swift"; sourceTree = "<group>"; };
		94396BD72D7B46E400A83CF4 /* GameViewController+ARCoachingOverlayViewDelegate.swift */ = {isa = PBXFileReference; lastKnownFileType = sourcecode.swift; path = "GameViewController+ARCoachingOverlayViewDelegate.swift"; sourceTree = "<group>"; };
		94396BD92D7B473E00A83CF4 /* GameViewController+Text.swift */ = {isa = PBXFileReference; lastKnownFileType = sourcecode.swift; path = "GameViewController+Text.swift"; sourceTree = "<group>"; };
		94423DD12DAB41B8007B5945 /* BoardAnchor.swift */ = {isa = PBXFileReference; lastKnownFileType = sourcecode.swift; path = BoardAnchor.swift; sourceTree = "<group>"; };
		94423DD32DAB41DD007B5945 /* KeyPositionAnchor.swift */ = {isa = PBXFileReference; lastKnownFileType = sourcecode.swift; path = KeyPositionAnchor.swift; sourceTree = "<group>"; };
		94423DD52DAB420C007B5945 /* ARWorldMap+Extension.swift */ = {isa = PBXFileReference; lastKnownFileType = sourcecode.swift; path = "ARWorldMap+Extension.swift"; sourceTree = "<group>"; };
		94423DD72DAB4255007B5945 /* GameBoardLocation.swift */ = {isa = PBXFileReference; lastKnownFileType = sourcecode.swift; path = GameBoardLocation.swift; sourceTree = "<group>"; };
		94423DD92DAB42BE007B5945 /* BoardSetupAction.swift */ = {isa = PBXFileReference; lastKnownFileType = sourcecode.swift; path = BoardSetupAction.swift; sourceTree = "<group>"; };
		94423DDB2DAB42F5007B5945 /* GameVelocity.swift */ = {isa = PBXFileReference; lastKnownFileType = sourcecode.swift; path = GameVelocity.swift; sourceTree = "<group>"; };
		94423DDD2DAB433C007B5945 /* CompletedAction.swift */ = {isa = PBXFileReference; lastKnownFileType = sourcecode.swift; path = CompletedAction.swift; sourceTree = "<group>"; };
		94423DDF2DAB435F007B5945 /* MoveData.swift */ = {isa = PBXFileReference; lastKnownFileType = sourcecode.swift; path = MoveData.swift; sourceTree = "<group>"; };
		94423DE12DAB4388007B5945 /* AddNodeAction.swift */ = {isa = PBXFileReference; lastKnownFileType = sourcecode.swift; path = AddNodeAction.swift; sourceTree = "<group>"; };
		94423DE32DAB43B8007B5945 /* GameAction.swift */ = {isa = PBXFileReference; lastKnownFileType = sourcecode.swift; path = GameAction.swift; sourceTree = "<group>"; };
		94423DE52DAB43EB007B5945 /* Action.swift */ = {isa = PBXFileReference; lastKnownFileType = sourcecode.swift; path = Action.swift; sourceTree = "<group>"; };
		94423DE72DAB4432007B5945 /* Direction.swift */ = {isa = PBXFileReference; lastKnownFileType = sourcecode.swift; path = Direction.swift; sourceTree = "<group>"; };
		94423DEA2DAB4594007B5945 /* FloatCompressor.swift */ = {isa = PBXFileReference; lastKnownFileType = sourcecode.swift; path = FloatCompressor.swift; sourceTree = "<group>"; };
		94423DEC2DAB45C6007B5945 /* WritableBitStream.swift */ = {isa = PBXFileReference; lastKnownFileType = sourcecode.swift; path = WritableBitStream.swift; sourceTree = "<group>"; };
		94423DEF2DAB44A7007B5945 /* SyncDataStructures.swift */ = {isa = PBXFileReference; lastKnownFileType = sourcecode.swift; path = SyncDataStructures.swift; sourceTree = "<group>"; };
		944254532E2457EC00F025C4 /* F-35B_Lightning_II.usdz */ = {isa = PBXFileReference; lastKnownFileType = file; path = "F-35B_Lightning_II.usdz"; sourceTree = "<group>"; };
		9455B7522D60C73B0019FE10 /* MissileManager.swift */ = {isa = PBXFileReference; lastKnownFileType = sourcecode.swift; path = MissileManager.swift; sourceTree = "<group>"; };
		9455B7542D60C7460019FE10 /* ShipManager.swift */ = {isa = PBXFileReference; lastKnownFileType = sourcecode.swift; path = ShipManager.swift; sourceTree = "<group>"; };
		945B16AA294E9F5B00482E14 /* Joystick.swift */ = {isa = PBXFileReference; lastKnownFileType = sourcecode.swift; path = Joystick.swift; sourceTree = "<group>"; };
		945B16AC294EB34800482E14 /* JoystickScene.swift */ = {isa = PBXFileReference; lastKnownFileType = sourcecode.swift; path = JoystickScene.swift; sourceTree = "<group>"; };
		9462899E2E26495C009EC2E2 /* m1tankmodel.usdz */ = {isa = PBXFileReference; lastKnownFileType = file; path = m1tankmodel.usdz; sourceTree = "<group>"; };
		9466909D2D9E3CD700343B1B /* BitStream.swift */ = {isa = PBXFileReference; lastKnownFileType = sourcecode.swift; path = BitStream.swift; sourceTree = "<group>"; };
		9466909E2D9E3CD700343B1B /* BitStreamCodable.swift */ = {isa = PBXFileReference; lastKnownFileType = sourcecode.swift; path = BitStreamCodable.swift; sourceTree = "<group>"; };
		946690A22D9E3CF900343B1B /* MovementData.swift */ = {isa = PBXFileReference; lastKnownFileType = sourcecode.swift; path = MovementData.swift; sourceTree = "<group>"; };
		946690A32D9E3CF900343B1B /* MovementSyncData.swift */ = {isa = PBXFileReference; lastKnownFileType = sourcecode.swift; path = MovementSyncData.swift; sourceTree = "<group>"; };
		946690A42D9E3CF900343B1B /* MovementSyncSceneData.swift */ = {isa = PBXFileReference; lastKnownFileType = sourcecode.swift; path = MovementSyncSceneData.swift; sourceTree = "<group>"; };
		946690A92D9E3D3F00343B1B /* Data+Compression.swift */ = {isa = PBXFileReference; lastKnownFileType = sourcecode.swift; path = "Data+Compression.swift"; sourceTree = "<group>"; };
		946690AB2D9E3D7A00343B1B /* GameObject.swift */ = {isa = PBXFileReference; lastKnownFileType = sourcecode.swift; path = GameObject.swift; sourceTree = "<group>"; };
		946690AD2D9E3D8B00343B1B /* Player.swift */ = {isa = PBXFileReference; lastKnownFileType = sourcecode.swift; path = Player.swift; sourceTree = "<group>"; };
		946690AF2D9E3D9A00343B1B /* GameTime.swift */ = {isa = PBXFileReference; lastKnownFileType = sourcecode.swift; path = GameTime.swift; sourceTree = "<group>"; };
		946690B12D9E3DA900343B1B /* NetworkGame.swift */ = {isa = PBXFileReference; lastKnownFileType = sourcecode.swift; path = NetworkGame.swift; sourceTree = "<group>"; };
		946690B32D9E3DB400343B1B /* NetworkSession.swift */ = {isa = PBXFileReference; lastKnownFileType = sourcecode.swift; path = NetworkSession.swift; sourceTree = "<group>"; };
		946690B52D9E3DB800343B1B /* GameBrowser.swift */ = {isa = PBXFileReference; lastKnownFileType = sourcecode.swift; path = GameBrowser.swift; sourceTree = "<group>"; };
		946690B72D9E3DD800343B1B /* Bundle+Helpers.swift */ = {isa = PBXFileReference; lastKnownFileType = sourcecode.swift; path = "Bundle+Helpers.swift"; sourceTree = "<group>"; };
		946690B92D9E3DFA00343B1B /* Action+Signposts.swift */ = {isa = PBXFileReference; lastKnownFileType = sourcecode.swift; path = "Action+Signposts.swift"; sourceTree = "<group>"; };
		946690BA2D9E3DFA00343B1B /* SignpostData.swift */ = {isa = PBXFileReference; lastKnownFileType = sourcecode.swift; path = SignpostData.swift; sourceTree = "<group>"; };
		946690BE2D9E3E5100343B1B /* GameCommand.swift */ = {isa = PBXFileReference; lastKnownFileType = sourcecode.swift; path = GameCommand.swift; sourceTree = "<group>"; };
		946690C02D9E3E9000343B1B /* GameManager.swift */ = {isa = PBXFileReference; lastKnownFileType = sourcecode.swift; path = GameManager.swift; sourceTree = "<group>"; };
		946690C22D9E3ECF00343B1B /* UserDefaults+Helpers.swift */ = {isa = PBXFileReference; lastKnownFileType = sourcecode.swift; path = "UserDefaults+Helpers.swift"; sourceTree = "<group>"; };
		946690C42D9E3FB700343B1B /* NetworkGameBrowserViewController.swift */ = {isa = PBXFileReference; lastKnownFileType = sourcecode.swift; path = NetworkGameBrowserViewController.swift; sourceTree = "<group>"; };
		946690C62D9E3FE100343B1B /* GameCell.swift */ = {isa = PBXFileReference; lastKnownFileType = sourcecode.swift; path = GameCell.swift; sourceTree = "<group>"; };
		946690C82D9E3FF400343B1B /* GameStartViewController.swift */ = {isa = PBXFileReference; lastKnownFileType = sourcecode.swift; path = GameStartViewController.swift; sourceTree = "<group>"; };
		9467A30A2BB918EE0023EA62 /* M1Tank.swift */ = {isa = PBXFileReference; lastKnownFileType = sourcecode.swift; path = M1Tank.swift; sourceTree = "<group>"; };
		9467A30E2BB93A840023EA62 /* Shell.swift */ = {isa = PBXFileReference; lastKnownFileType = sourcecode.swift; path = Shell.swift; sourceTree = "<group>"; };
		9470AE462974001A00A55134 /* MenuViewController.swift */ = {isa = PBXFileReference; lastKnownFileType = sourcecode.swift; path = MenuViewController.swift; sourceTree = "<group>"; };
		947691C32E2B5ECD00F22DE4 /* SceneDelegate.swift */ = {isa = PBXFileReference; lastKnownFileType = sourcecode.swift; path = SceneDelegate.swift; sourceTree = "<group>"; };
		947691C52E2B801100F22DE4 /* ModelLoadError.swift */ = {isa = PBXFileReference; lastKnownFileType = sourcecode.swift; path = ModelLoadError.swift; sourceTree = "<group>"; };
		947691C72E2B804400F22DE4 /* AsyncModelLoader.swift */ = {isa = PBXFileReference; lastKnownFileType = sourcecode.swift; path = AsyncModelLoader.swift; sourceTree = "<group>"; };
		947691C92E2B80BC00F22DE4 /* MissileTrackingInfo.swift */ = {isa = PBXFileReference; lastKnownFileType = sourcecode.swift; path = MissileTrackingInfo.swift; sourceTree = "<group>"; };
		947691CB2E2B80E200F22DE4 /* MissileManagerDelegate.swift */ = {isa = PBXFileReference; lastKnownFileType = sourcecode.swift; path = MissileManagerDelegate.swift; sourceTree = "<group>"; };
		94874EAF2E258A3900453E04 /* Missile.swift */ = {isa = PBXFileReference; lastKnownFileType = sourcecode.swift; path = Missile.swift; sourceTree = "<group>"; };
		94874EB32E25C95700453E04 /* heli.usdz */ = {isa = PBXFileReference; lastKnownFileType = file; path = heli.usdz; sourceTree = "<group>"; };
		9488F2022D657BA2001C08D9 /* ReticleEntity.swift */ = {isa = PBXFileReference; lastKnownFileType = sourcecode.swift; path = ReticleEntity.swift; sourceTree = "<group>"; };
		949602D62E2CCAB90021B8E7 /* TestPlan.xctestplan */ = {isa = PBXFileReference; lastKnownFileType = text; path = TestPlan.xctestplan; sourceTree = "<group>"; };
		94A68F712C8797070059CD82 /* Matrix4+Extension.swift */ = {isa = PBXFileReference; lastKnownFileType = sourcecode.swift; path = "Matrix4+Extension.swift"; sourceTree = "<group>"; };
		94A68F732C87972E0059CD82 /* Quaternion+Extension.swift */ = {isa = PBXFileReference; lastKnownFileType = sourcecode.swift; path = "Quaternion+Extension.swift"; sourceTree = "<group>"; };
		94B173E22DA9CC390015DC0D /* GameViewController+GameManagerDelegate.swift */ = {isa = PBXFileReference; lastKnownFileType = sourcecode.swift; path = "GameViewController+GameManagerDelegate.swift"; sourceTree = "<group>"; };
		94B173E42DA9CCCC0015DC0D /* GameViewController+GameStartViewControllerDelegate.swift */ = {isa = PBXFileReference; lastKnownFileType = sourcecode.swift; path = "GameViewController+GameStartViewControllerDelegate.swift"; sourceTree = "<group>"; };
		94B173E62DAA30520015DC0D /* GameStartViewControllerDelegate.swift */ = {isa = PBXFileReference; lastKnownFileType = sourcecode.swift; path = GameStartViewControllerDelegate.swift; sourceTree = "<group>"; };
		94B173E82DAA308D0015DC0D /* GameBrowserDelegate.swift */ = {isa = PBXFileReference; lastKnownFileType = sourcecode.swift; path = GameBrowserDelegate.swift; sourceTree = "<group>"; };
		94B173EA2DAA30D70015DC0D /* NetworkSessionDelegate.swift */ = {isa = PBXFileReference; lastKnownFileType = sourcecode.swift; path = NetworkSessionDelegate.swift; sourceTree = "<group>"; };
		94B173EE2DAA321A0015DC0D /* GameManagerDelegate.swift */ = {isa = PBXFileReference; lastKnownFileType = sourcecode.swift; path = GameManagerDelegate.swift; sourceTree = "<group>"; };
		94B173F42DAA34A60015DC0D /* MovementSyncSceneDataDelegate.swift */ = {isa = PBXFileReference; lastKnownFileType = sourcecode.swift; path = MovementSyncSceneDataDelegate.swift; sourceTree = "<group>"; };
		94B173F62DAA35230015DC0D /* MultiuserAttribute.swift */ = {isa = PBXFileReference; lastKnownFileType = sourcecode.swift; path = MultiuserAttribute.swift; sourceTree = "<group>"; };
		94B173F82DAA353D0015DC0D /* MultiuserService.swift */ = {isa = PBXFileReference; lastKnownFileType = sourcecode.swift; path = MultiuserService.swift; sourceTree = "<group>"; };
		94B6E8452D7B60AC0064ABD7 /* NotificationName+Extension.swift */ = {isa = PBXFileReference; lastKnownFileType = sourcecode.swift; path = "NotificationName+Extension.swift"; sourceTree = "<group>"; };
		94C881A72D5D05B50050119D /* Game.swift */ = {isa = PBXFileReference; lastKnownFileType = sourcecode.swift; path = Game.swift; sourceTree = "<group>"; };
		94CB148D2C8793BF0065E1B0 /* UIColor+Extension.swift */ = {isa = PBXFileReference; lastKnownFileType = sourcecode.swift; path = "UIColor+Extension.swift"; sourceTree = "<group>"; };
		94CCC8EA2972D14600F7D17F /* audio.m4a */ = {isa = PBXFileReference; lastKnownFileType = file; path = audio.m4a; sourceTree = "<group>"; };
		94CCC8EF2972D97700F7D17F /* JoystickDelegate.swift */ = {isa = PBXFileReference; lastKnownFileType = sourcecode.swift; path = JoystickDelegate.swift; sourceTree = "<group>"; };
		94CCC8FE2972E43500F7D17F /* FloatingPoint+Extension.swift */ = {isa = PBXFileReference; lastKnownFileType = sourcecode.swift; path = "FloatingPoint+Extension.swift"; sourceTree = "<group>"; };
		94CCC9092972E54000F7D17F /* Scene+Extension.swift */ = {isa = PBXFileReference; lastKnownFileType = sourcecode.swift; path = "Scene+Extension.swift"; sourceTree = "<group>"; };
		94CCC90D2972EB2300F7D17F /* GameSceneView.swift */ = {isa = PBXFileReference; lastKnownFileType = sourcecode.swift; path = GameSceneView.swift; sourceTree = "<group>"; };
		94CCC9112972FFB500F7D17F /* DeviceOrientation.swift */ = {isa = PBXFileReference; lastKnownFileType = sourcecode.swift; path = DeviceOrientation.swift; sourceTree = "<group>"; };
		94CF990B2E24596F00E780DE /* Entity+Conversion.swift */ = {isa = PBXFileReference; lastKnownFileType = sourcecode.swift; path = "Entity+Conversion.swift"; sourceTree = "<group>"; };
		94CF990C2E24596F00E780DE /* Material+Conversion.swift */ = {isa = PBXFileReference; lastKnownFileType = sourcecode.swift; path = "Material+Conversion.swift"; sourceTree = "<group>"; };
		94CF990D2E24596F00E780DE /* MeshResource+Conversion.swift */ = {isa = PBXFileReference; lastKnownFileType = sourcecode.swift; path = "MeshResource+Conversion.swift"; sourceTree = "<group>"; };
		94CF990E2E24596F00E780DE /* ShapeResource+Conversion.swift */ = {isa = PBXFileReference; lastKnownFileType = sourcecode.swift; path = "ShapeResource+Conversion.swift"; sourceTree = "<group>"; };
		94CF990F2E24596F00E780DE /* simd_float4x4+Extension.swift */ = {isa = PBXFileReference; lastKnownFileType = sourcecode.swift; path = "simd_float4x4+Extension.swift"; sourceTree = "<group>"; };
		94CF99102E24596F00E780DE /* simd_quatf+Extension.swift */ = {isa = PBXFileReference; lastKnownFileType = sourcecode.swift; path = "simd_quatf+Extension.swift"; sourceTree = "<group>"; };
		94CF99112E24596F00E780DE /* SIMD3+Extension.swift */ = {isa = PBXFileReference; lastKnownFileType = sourcecode.swift; path = "SIMD3+Extension.swift"; sourceTree = "<group>"; };
		94CF99192E245F1900E780DE /* FocusCircle.swift */ = {isa = PBXFileReference; lastKnownFileType = sourcecode.swift; path = FocusCircle.swift; sourceTree = "<group>"; };
		94CF991A2E245F1900E780DE /* FocusSquare.swift */ = {isa = PBXFileReference; lastKnownFileType = sourcecode.swift; path = FocusSquare.swift; sourceTree = "<group>"; };
		94CF99212E24606D00E780DE /* ParticleEmitterComponent+Explosion.swift */ = {isa = PBXFileReference; lastKnownFileType = sourcecode.swift; path = "ParticleEmitterComponent+Explosion.swift"; sourceTree = "<group>"; };
		94CF99292E24B79300E780DE /* GameViewController+ARSessionDelegate.swift */ = {isa = PBXFileReference; lastKnownFileType = sourcecode.swift; path = "GameViewController+ARSessionDelegate.swift"; sourceTree = "<group>"; };
		94D182962E2C8686001201FE /* PhysicsBodyComponent+Extension.swift */ = {isa = PBXFileReference; lastKnownFileType = sourcecode.swift; path = "PhysicsBodyComponent+Extension.swift"; sourceTree = "<group>"; };
		94D182982E2C8F2F001201FE /* spark.png */ = {isa = PBXFileReference; lastKnownFileType = image.png; path = spark.png; sourceTree = "<group>"; };
		94D1829A2E2C8F6C001201FE /* environment_blur.exr */ = {isa = PBXFileReference; lastKnownFileType = file; path = environment_blur.exr; sourceTree = "<group>"; };
		94D1829C2E2C8F9B001201FE /* pitch_horizon.png */ = {isa = PBXFileReference; lastKnownFileType = image.png; path = pitch_horizon.png; sourceTree = "<group>"; };
		94D1829D2E2C8F9B001201FE /* pitch_negative.png */ = {isa = PBXFileReference; lastKnownFileType = image.png; path = pitch_negative.png; sourceTree = "<group>"; };
		94D1829E2E2C8F9B001201FE /* pitch_positive.png */ = {isa = PBXFileReference; lastKnownFileType = image.png; path = pitch_positive.png; sourceTree = "<group>"; };
		94D1829F2E2C8F9B001201FE /* throttle_meter.png */ = {isa = PBXFileReference; lastKnownFileType = image.png; path = throttle_meter.png; sourceTree = "<group>"; };
		94D182A42E2C9172001201FE /* AppDelegate.swift */ = {isa = PBXFileReference; lastKnownFileType = sourcecode.swift; path = AppDelegate.swift; sourceTree = "<group>"; };
		94D598432BB9037400B31874 /* ARMeshGeometry+Extension.swift */ = {isa = PBXFileReference; lastKnownFileType = sourcecode.swift; path = "ARMeshGeometry+Extension.swift"; sourceTree = "<group>"; };
		94D630312976077000096104 /* UIFont+Extension.swift */ = {isa = PBXFileReference; lastKnownFileType = sourcecode.swift; path = "UIFont+Extension.swift"; sourceTree = "<group>"; };
		94DF3F072975F15F006723FC /* UIView+Extension.swift */ = {isa = PBXFileReference; lastKnownFileType = sourcecode.swift; path = "UIView+Extension.swift"; sourceTree = "<group>"; };
		94E5448E29672EE200158DA2 /* JoystickSceneDelegate.swift */ = {isa = PBXFileReference; lastKnownFileType = sourcecode.swift; path = JoystickSceneDelegate.swift; sourceTree = "<group>"; };
		94E6B99D2E2CCA00008392FF /* ARKitDroneTests.xctest */ = {isa = PBXFileReference; explicitFileType = wrapper.cfbundle; includeInIndex = 0; path = ARKitDroneTests.xctest; sourceTree = BUILT_PRODUCTS_DIR; };
		94F5D19B2D5CAE9B00019569 /* MinimapScene.swift */ = {isa = PBXFileReference; lastKnownFileType = sourcecode.swift; path = MinimapScene.swift; sourceTree = "<group>"; };
		94F968A72AD7337F00D7B418 /* OcclusionNode.swift */ = {isa = PBXFileReference; lastKnownFileType = sourcecode.swift; path = OcclusionNode.swift; sourceTree = "<group>"; };
		A7AE72BA1F888EF500B015D3 /* ARKitDrone.app */ = {isa = PBXFileReference; explicitFileType = wrapper.application; includeInIndex = 0; path = ARKitDrone.app; sourceTree = BUILT_PRODUCTS_DIR; };
		A7AE72C11F888EF500B015D3 /* GameViewController.swift */ = {isa = PBXFileReference; lastKnownFileType = sourcecode.swift; path = GameViewController.swift; sourceTree = "<group>"; };
		A7AE72C61F888EF500B015D3 /* Assets.xcassets */ = {isa = PBXFileReference; lastKnownFileType = folder.assetcatalog; path = Assets.xcassets; sourceTree = "<group>"; };
		A7AE72CB1F888EF500B015D3 /* Info.plist */ = {isa = PBXFileReference; lastKnownFileType = text.plist.xml; path = Info.plist; sourceTree = "<group>"; };
/* End PBXFileReference section */

/* Begin PBXFileSystemSynchronizedRootGroup section */
		94E6B99E2E2CCA00008392FF /* ARKitDroneTests */ = {isa = PBXFileSystemSynchronizedRootGroup; explicitFileTypes = {}; explicitFolders = (); path = ARKitDroneTests; sourceTree = "<group>"; };
/* End PBXFileSystemSynchronizedRootGroup section */

/* Begin PBXFrameworksBuildPhase section */
		94E6B99A2E2CCA00008392FF /* Frameworks */ = {
			isa = PBXFrameworksBuildPhase;
			buildActionMask = 2147483647;
			files = (
			);
			runOnlyForDeploymentPostprocessing = 0;
		};
		A7AE72B71F888EF500B015D3 /* Frameworks */ = {
			isa = PBXFrameworksBuildPhase;
			buildActionMask = 2147483647;
			files = (
			);
			runOnlyForDeploymentPostprocessing = 0;
		};
/* End PBXFrameworksBuildPhase section */

/* Begin PBXGroup section */
		94316FAE2DAB56BE0002BAF8 /* Missiles */ = {
			isa = PBXGroup;
			children = (
				94874EAF2E258A3900453E04 /* Missile.swift */,
			);
			path = Missiles;
			sourceTree = "<group>";
		};
		94423DE92DAB4467007B5945 /* Actions */ = {
			isa = PBXGroup;
			children = (
				946690BE2D9E3E5100343B1B /* GameCommand.swift */,
				94423DE72DAB4432007B5945 /* Direction.swift */,
				94423DE52DAB43EB007B5945 /* Action.swift */,
				94423DE32DAB43B8007B5945 /* GameAction.swift */,
				94423DEF2DAB44A7007B5945 /* SyncDataStructures.swift */,
				94423DE12DAB4388007B5945 /* AddNodeAction.swift */,
				94423DDF2DAB435F007B5945 /* MoveData.swift */,
				94423DDD2DAB433C007B5945 /* CompletedAction.swift */,
				94423DDB2DAB42F5007B5945 /* GameVelocity.swift */,
				94423DD92DAB42BE007B5945 /* BoardSetupAction.swift */,
				94423DD72DAB4255007B5945 /* GameBoardLocation.swift */,
				94423DD32DAB41DD007B5945 /* KeyPositionAnchor.swift */,
				94423DD12DAB41B8007B5945 /* BoardAnchor.swift */,
			);
			path = Actions;
			sourceTree = "<group>";
		};
		946690A12D9E3CDC00343B1B /* Bit Stream */ = {
			isa = PBXGroup;
			children = (
				9466909D2D9E3CD700343B1B /* BitStream.swift */,
				94423DEC2DAB45C6007B5945 /* WritableBitStream.swift */,
				94423DEA2DAB4594007B5945 /* FloatCompressor.swift */,
				9466909E2D9E3CD700343B1B /* BitStreamCodable.swift */,
			);
			path = "Bit Stream";
			sourceTree = "<group>";
		};
		946690A82D9E3D0200343B1B /* Movement */ = {
			isa = PBXGroup;
			children = (
				946690A22D9E3CF900343B1B /* MovementData.swift */,
				946690A32D9E3CF900343B1B /* MovementSyncData.swift */,
				946690A42D9E3CF900343B1B /* MovementSyncSceneData.swift */,
				94B173F42DAA34A60015DC0D /* MovementSyncSceneDataDelegate.swift */,
			);
			path = Movement;
			sourceTree = "<group>";
		};
		946690BD2D9E3DFE00343B1B /* Signpost */ = {
			isa = PBXGroup;
			children = (
				946690B92D9E3DFA00343B1B /* Action+Signposts.swift */,
				946690BA2D9E3DFA00343B1B /* SignpostData.swift */,
			);
			path = Signpost;
			sourceTree = "<group>";
		};
		94B173EC2DAA31A90015DC0D /* GameStart */ = {
			isa = PBXGroup;
			children = (
				946690C82D9E3FF400343B1B /* GameStartViewController.swift */,
				94B173E62DAA30520015DC0D /* GameStartViewControllerDelegate.swift */,
			);
			path = GameStart;
			sourceTree = "<group>";
		};
		94B173ED2DAA31DB0015DC0D /* GameBrowser */ = {
			isa = PBXGroup;
			children = (
				94B173E82DAA308D0015DC0D /* GameBrowserDelegate.swift */,
				946690B52D9E3DB800343B1B /* GameBrowser.swift */,
				94B173F82DAA353D0015DC0D /* MultiuserService.swift */,
				94B173F62DAA35230015DC0D /* MultiuserAttribute.swift */,
			);
			path = GameBrowser;
			sourceTree = "<group>";
		};
		94B173F02DAA32440015DC0D /* GameManager */ = {
			isa = PBXGroup;
			children = (
				946690C02D9E3E9000343B1B /* GameManager.swift */,
				94B173EE2DAA321A0015DC0D /* GameManagerDelegate.swift */,
			);
			path = GameManager;
			sourceTree = "<group>";
		};
		94B173F12DAA33590015DC0D /* NetworkSession */ = {
			isa = PBXGroup;
			children = (
				946690B32D9E3DB400343B1B /* NetworkSession.swift */,
				94B173EA2DAA30D70015DC0D /* NetworkSessionDelegate.swift */,
			);
			path = NetworkSession;
			sourceTree = "<group>";
		};
		94B173F22DAA33F10015DC0D /* Game */ = {
			isa = PBXGroup;
			children = (
				A7AE72C11F888EF500B015D3 /* GameViewController.swift */,
				94CF99292E24B79300E780DE /* GameViewController+ARSessionDelegate.swift */,
				94396BD92D7B473E00A83CF4 /* GameViewController+Text.swift */,
				94B173E42DA9CCCC0015DC0D /* GameViewController+GameStartViewControllerDelegate.swift */,
				94396BD52D7B468C00A83CF4 /* GameViewController+JoystickSceneDelegate.swift */,
				94B173E22DA9CC390015DC0D /* GameViewController+GameManagerDelegate.swift */,
				94396BD72D7B46E400A83CF4 /* GameViewController+ARCoachingOverlayViewDelegate.swift */,
			);
			path = Game;
			sourceTree = "<group>";
		};
		94B173F32DAA34490015DC0D /* NetworkGameBrowser */ = {
			isa = PBXGroup;
			children = (
				946690C42D9E3FB700343B1B /* NetworkGameBrowserViewController.swift */,
			);
			path = NetworkGameBrowser;
			sourceTree = "<group>";
		};
		94CCC8F12972E34500F7D17F /* Joystick */ = {
			isa = PBXGroup;
			children = (
				945B16AA294E9F5B00482E14 /* Joystick.swift */,
				94CCC8EF2972D97700F7D17F /* JoystickDelegate.swift */,
				945B16AC294EB34800482E14 /* JoystickScene.swift */,
				94E5448E29672EE200158DA2 /* JoystickSceneDelegate.swift */,
			);
			path = Joystick;
			sourceTree = "<group>";
		};
		94CCC8F22972E35400F7D17F /* Utilities */ = {
			isa = PBXGroup;
			children = (
				94CF99192E245F1900E780DE /* FocusCircle.swift */,
				94CF991A2E245F1900E780DE /* FocusSquare.swift */,
				946690B72D9E3DD800343B1B /* Bundle+Helpers.swift */,
				946690A92D9E3D3F00343B1B /* Data+Compression.swift */,
				94CCC9112972FFB500F7D17F /* DeviceOrientation.swift */,
				94CCC8F12972E34500F7D17F /* Joystick */,
			);
			path = Utilities;
			sourceTree = "<group>";
		};
		94CCC8F32972E36100F7D17F /* Models */ = {
			isa = PBXGroup;
			children = (
				94B173F02DAA32440015DC0D /* GameManager */,
				946690AB2D9E3D7A00343B1B /* GameObject.swift */,
				946690AD2D9E3D8B00343B1B /* Player.swift */,
				94C881A72D5D05B50050119D /* Game.swift */,
				946690AF2D9E3D9A00343B1B /* GameTime.swift */,
				94B173ED2DAA31DB0015DC0D /* GameBrowser */,
				94B173F12DAA33590015DC0D /* NetworkSession */,
				9455B7522D60C73B0019FE10 /* MissileManager.swift */,
				947691CB2E2B80E200F22DE4 /* MissileManagerDelegate.swift */,
				947691C92E2B80BC00F22DE4 /* MissileTrackingInfo.swift */,
				946690B12D9E3DA900343B1B /* NetworkGame.swift */,
				9455B7542D60C7460019FE10 /* ShipManager.swift */,
				947691C72E2B804400F22DE4 /* AsyncModelLoader.swift */,
				947691C52E2B801100F22DE4 /* ModelLoadError.swift */,
				9412F0752D5B4BE500D9F1BD /* Ship.swift */,
				941706D82972A5F400CB0308 /* ApacheHelicopter.swift */,
				941706DB2972A5F400CB0309 /* HelicopterObject.swift */,
				94316FAE2DAB56BE0002BAF8 /* Missiles */,
				94F968A72AD7337F00D7B418 /* OcclusionNode.swift */,
				9488F2022D657BA2001C08D9 /* ReticleEntity.swift */,
				9467A30A2BB918EE0023EA62 /* M1Tank.swift */,
				9467A30E2BB93A840023EA62 /* Shell.swift */,
			);
			path = Models;
			sourceTree = "<group>";
		};
		94CCC9062972E4B700F7D17F /* Views */ = {
			isa = PBXGroup;
			children = (
				946690C62D9E3FE100343B1B /* GameCell.swift */,
				94F5D19B2D5CAE9B00019569 /* MinimapScene.swift */,
				94CCC90D2972EB2300F7D17F /* GameSceneView.swift */,
			);
			path = Views;
			sourceTree = "<group>";
		};
		94CCC9072972E4BF00F7D17F /* Controllers */ = {
			isa = PBXGroup;
			children = (
				94B173F22DAA33F10015DC0D /* Game */,
				94B173F32DAA34490015DC0D /* NetworkGameBrowser */,
				94B173EC2DAA31A90015DC0D /* GameStart */,
				9470AE462974001A00A55134 /* MenuViewController.swift */,
			);
			path = Controllers;
			sourceTree = "<group>";
		};
		94CCC9082972E4D800F7D17F /* Extensions */ = {
			isa = PBXGroup;
			children = (
				94D182962E2C8686001201FE /* PhysicsBodyComponent+Extension.swift */,
				94CF990B2E24596F00E780DE /* Entity+Conversion.swift */,
				94CF990C2E24596F00E780DE /* Material+Conversion.swift */,
				94CF990D2E24596F00E780DE /* MeshResource+Conversion.swift */,
				94CF990E2E24596F00E780DE /* ShapeResource+Conversion.swift */,
				94CF990F2E24596F00E780DE /* simd_float4x4+Extension.swift */,
				94CF99102E24596F00E780DE /* simd_quatf+Extension.swift */,
				94CF99112E24596F00E780DE /* SIMD3+Extension.swift */,
				94CF99212E24606D00E780DE /* ParticleEmitterComponent+Explosion.swift */,
				94423DD52DAB420C007B5945 /* ARWorldMap+Extension.swift */,
				946690C22D9E3ECF00343B1B /* UserDefaults+Helpers.swift */,
				94B6E8452D7B60AC0064ABD7 /* NotificationName+Extension.swift */,
				94CCC9092972E54000F7D17F /* Scene+Extension.swift */,
				94A68F732C87972E0059CD82 /* Quaternion+Extension.swift */,
				94A68F712C8797070059CD82 /* Matrix4+Extension.swift */,
				94D598432BB9037400B31874 /* ARMeshGeometry+Extension.swift */,
				94DF3F072975F15F006723FC /* UIView+Extension.swift */,
				94D630312976077000096104 /* UIFont+Extension.swift */,
				94396BD12D7B369800A83CF4 /* CGPoint+Extension.swift */,
				94CCC8FE2972E43500F7D17F /* FloatingPoint+Extension.swift */,
				94CB148D2C8793BF0065E1B0 /* UIColor+Extension.swift */,
			);
			path = Extensions;
			sourceTree = "<group>";
		};
		A7AE72B11F888EF500B015D3 = {
			isa = PBXGroup;
			children = (
				949602D62E2CCAB90021B8E7 /* TestPlan.xctestplan */,
				A7AE72BC1F888EF500B015D3 /* ARKitDrone */,
				94E6B99E2E2CCA00008392FF /* ARKitDroneTests */,
				A7AE72BB1F888EF500B015D3 /* Products */,
			);
			sourceTree = "<group>";
		};
		A7AE72BB1F888EF500B015D3 /* Products */ = {
			isa = PBXGroup;
			children = (
				A7AE72BA1F888EF500B015D3 /* ARKitDrone.app */,
				94E6B99D2E2CCA00008392FF /* ARKitDroneTests.xctest */,
			);
			name = Products;
			sourceTree = "<group>";
		};
		A7AE72BC1F888EF500B015D3 /* ARKitDrone */ = {
			isa = PBXGroup;
			children = (
				9462899E2E26495C009EC2E2 /* m1tankmodel.usdz */,
				94874EB32E25C95700453E04 /* heli.usdz */,
				944254532E2457EC00F025C4 /* F-35B_Lightning_II.usdz */,
				94CCC8EA2972D14600F7D17F /* audio.m4a */,
				94D182A42E2C9172001201FE /* AppDelegate.swift */,
				947691C32E2B5ECD00F22DE4 /* SceneDelegate.swift */,
				94423DE92DAB4467007B5945 /* Actions */,
				946690BD2D9E3DFE00343B1B /* Signpost */,
				946690A82D9E3D0200343B1B /* Movement */,
				946690A12D9E3CDC00343B1B /* Bit Stream */,
				94CCC9072972E4BF00F7D17F /* Controllers */,
				94CCC9062972E4B700F7D17F /* Views */,
				94CCC8F32972E36100F7D17F /* Models */,
				94CCC9082972E4D800F7D17F /* Extensions */,
				94CCC8F22972E35400F7D17F /* Utilities */,
				A7AE72C61F888EF500B015D3 /* Assets.xcassets */,
				94D1829C2E2C8F9B001201FE /* pitch_horizon.png */,
				94D1829D2E2C8F9B001201FE /* pitch_negative.png */,
				94D1829E2E2C8F9B001201FE /* pitch_positive.png */,
				94D1829F2E2C8F9B001201FE /* throttle_meter.png */,
				A7AE72CB1F888EF500B015D3 /* Info.plist */,
				94D1829A2E2C8F6C001201FE /* environment_blur.exr */,
				94D182982E2C8F2F001201FE /* spark.png */,
			);
			path = ARKitDrone;
			sourceTree = "<group>";
		};
/* End PBXGroup section */

/* Begin PBXNativeTarget section */
		94E6B99C2E2CCA00008392FF /* ARKitDroneTests */ = {
			isa = PBXNativeTarget;
			buildConfigurationList = 94E6B9A32E2CCA00008392FF /* Build configuration list for PBXNativeTarget "ARKitDroneTests" */;
			buildPhases = (
				94E6B9992E2CCA00008392FF /* Sources */,
				94E6B99A2E2CCA00008392FF /* Frameworks */,
				94E6B99B2E2CCA00008392FF /* Resources */,
			);
			buildRules = (
			);
			dependencies = (
				94E6B9A22E2CCA00008392FF /* PBXTargetDependency */,
			);
			fileSystemSynchronizedGroups = (
				94E6B99E2E2CCA00008392FF /* ARKitDroneTests */,
			);
			name = ARKitDroneTests;
			packageProductDependencies = (
			);
			productName = ARKitDroneTests;
			productReference = 94E6B99D2E2CCA00008392FF /* ARKitDroneTests.xctest */;
			productType = "com.apple.product-type.bundle.unit-test";
		};
		A7AE72B91F888EF500B015D3 /* ARKitDrone */ = {
			isa = PBXNativeTarget;
			buildConfigurationList = A7AE72CE1F888EF500B015D3 /* Build configuration list for PBXNativeTarget "ARKitDrone" */;
			buildPhases = (
				A7AE72B61F888EF500B015D3 /* Sources */,
				A7AE72B71F888EF500B015D3 /* Frameworks */,
				A7AE72B81F888EF500B015D3 /* Resources */,
			);
			buildRules = (
			);
			dependencies = (
			);
			name = ARKitDrone;
			productName = ARKitDrone;
			productReference = A7AE72BA1F888EF500B015D3 /* ARKitDrone.app */;
			productType = "com.apple.product-type.application";
		};
/* End PBXNativeTarget section */

/* Begin PBXProject section */
		A7AE72B21F888EF500B015D3 /* Project object */ = {
			isa = PBXProject;
			attributes = {
				BuildIndependentTargetsInParallel = YES;
				LastSwiftUpdateCheck = 1640;
				LastUpgradeCheck = 1630;
				ORGANIZATIONNAME = "Christopher Webb-Orenstein";
				TargetAttributes = {
					94E6B99C2E2CCA00008392FF = {
						CreatedOnToolsVersion = 16.4;
						TestTargetID = A7AE72B91F888EF500B015D3;
					};
					A7AE72B91F888EF500B015D3 = {
						CreatedOnToolsVersion = 9.1;
						LastSwiftMigration = "";
					};
				};
			};
			buildConfigurationList = A7AE72B51F888EF500B015D3 /* Build configuration list for PBXProject "ARKitDrone" */;
			compatibilityVersion = "Xcode 8.0";
			developmentRegion = en;
			hasScannedForEncodings = 0;
			knownRegions = (
				en,
				Base,
			);
			mainGroup = A7AE72B11F888EF500B015D3;
			productRefGroup = A7AE72BB1F888EF500B015D3 /* Products */;
			projectDirPath = "";
			projectRoot = "";
			targets = (
				A7AE72B91F888EF500B015D3 /* ARKitDrone */,
				94E6B99C2E2CCA00008392FF /* ARKitDroneTests */,
			);
		};
/* End PBXProject section */

/* Begin PBXResourcesBuildPhase section */
		94E6B99B2E2CCA00008392FF /* Resources */ = {
			isa = PBXResourcesBuildPhase;
			buildActionMask = 2147483647;
			files = (
				949602D72E2CCAB90021B8E7 /* TestPlan.xctestplan in Resources */,
			);
			runOnlyForDeploymentPostprocessing = 0;
		};
		A7AE72B81F888EF500B015D3 /* Resources */ = {
			isa = PBXResourcesBuildPhase;
			buildActionMask = 2147483647;
			files = (
				944254542E2457ED00F025C4 /* F-35B_Lightning_II.usdz in Resources */,
				94874EB42E25C95700453E04 /* heli.usdz in Resources */,
				94D1829B2E2C8F6C001201FE /* environment_blur.exr in Resources */,
				9462899F2E26495C009EC2E2 /* m1tankmodel.usdz in Resources */,
				94D182992E2C8F2F001201FE /* spark.png in Resources */,
				94D182A02E2C8F9B001201FE /* pitch_horizon.png in Resources */,
				94D182A12E2C8F9B001201FE /* throttle_meter.png in Resources */,
				94D182A22E2C8F9B001201FE /* pitch_positive.png in Resources */,
				94D182A32E2C8F9B001201FE /* pitch_negative.png in Resources */,
				94CCC8EB2972D14600F7D17F /* audio.m4a in Resources */,
				A7AE72C71F888EF500B015D3 /* Assets.xcassets in Resources */,
			);
			runOnlyForDeploymentPostprocessing = 0;
		};
/* End PBXResourcesBuildPhase section */

/* Begin PBXSourcesBuildPhase section */
		94E6B9992E2CCA00008392FF /* Sources */ = {
			isa = PBXSourcesBuildPhase;
			buildActionMask = 2147483647;
			files = (
			);
			runOnlyForDeploymentPostprocessing = 0;
		};
		A7AE72B61F888EF500B015D3 /* Sources */ = {
			isa = PBXSourcesBuildPhase;
			buildActionMask = 2147483647;
			files = (
				94A68F742C87972E0059CD82 /* Quaternion+Extension.swift in Sources */,
				945B16AD294EB34800482E14 /* JoystickScene.swift in Sources */,
				94B173E52DA9CCD30015DC0D /* GameViewController+GameStartViewControllerDelegate.swift in Sources */,
				946690B62D9E3DB800343B1B /* GameBrowser.swift in Sources */,
				94874EB02E258A3900453E04 /* Missile.swift in Sources */,
				94396BD22D7B36A300A83CF4 /* CGPoint+Extension.swift in Sources */,
				946690C92D9E3FF400343B1B /* GameStartViewController.swift in Sources */,
				94B173E72DAA30540015DC0D /* GameStartViewControllerDelegate.swift in Sources */,
				94423DED2DAB45C7007B5945 /* WritableBitStream.swift in Sources */,
				947691CA2E2B80BF00F22DE4 /* MissileTrackingInfo.swift in Sources */,
				94F968A82AD7337F00D7B418 /* OcclusionNode.swift in Sources */,
				941706D92972A5F400CB0308 /* ApacheHelicopter.swift in Sources */,
				941706DA2972A5F400CB0309 /* HelicopterObject.swift in Sources */,
				947691CC2E2B80E600F22DE4 /* MissileManagerDelegate.swift in Sources */,
				946690BB2D9E3DFA00343B1B /* Action+Signposts.swift in Sources */,
				946690BC2D9E3DFA00343B1B /* SignpostData.swift in Sources */,
				A7AE72C21F888EF500B015D3 /* GameViewController.swift in Sources */,
				94423DE02DAB4360007B5945 /* MoveData.swift in Sources */,
				947691C62E2B801300F22DE4 /* ModelLoadError.swift in Sources */,
				946690C12D9E3E9000343B1B /* GameManager.swift in Sources */,
				946690AC2D9E3D7A00343B1B /* GameObject.swift in Sources */,
				94CCC8F02972D97700F7D17F /* JoystickDelegate.swift in Sources */,
				94B173E32DA9CC420015DC0D /* GameViewController+GameManagerDelegate.swift in Sources */,
				9455B7552D60C74A0019FE10 /* ShipManager.swift in Sources */,
				947691C82E2B804700F22DE4 /* AsyncModelLoader.swift in Sources */,
				94396BDA2D7B474900A83CF4 /* GameViewController+Text.swift in Sources */,
				94D630322976077000096104 /* UIFont+Extension.swift in Sources */,
				94423DDE2DAB433E007B5945 /* CompletedAction.swift in Sources */,
				94D598442BB9037400B31874 /* ARMeshGeometry+Extension.swift in Sources */,
				94D182972E2C8686001201FE /* PhysicsBodyComponent+Extension.swift in Sources */,
				9467A30F2BB93A840023EA62 /* Shell.swift in Sources */,
				94B173F72DAA35240015DC0D /* MultiuserAttribute.swift in Sources */,
				94CCC90A2972E54000F7D17F /* Scene+Extension.swift in Sources */,
				94423DE82DAB4434007B5945 /* Direction.swift in Sources */,
				946690C32D9E3ECF00343B1B /* UserDefaults+Helpers.swift in Sources */,
				946690B82D9E3DD800343B1B /* Bundle+Helpers.swift in Sources */,
				9470AE472974001A00A55134 /* MenuViewController.swift in Sources */,
				94F5D19C2D5CAEA000019569 /* MinimapScene.swift in Sources */,
				94423DD82DAB425A007B5945 /* GameBoardLocation.swift in Sources */,
				9455B7532D60C73F0019FE10 /* MissileManager.swift in Sources */,
				94396BD82D7B46F000A83CF4 /* GameViewController+ARCoachingOverlayViewDelegate.swift in Sources */,
				946690C52D9E3FB700343B1B /* NetworkGameBrowserViewController.swift in Sources */,
				94CCC9122972FFB500F7D17F /* DeviceOrientation.swift in Sources */,
				94C881A82D5D05C20050119D /* Game.swift in Sources */,
				94CB148E2C8793BF0065E1B0 /* UIColor+Extension.swift in Sources */,
				94423DD22DAB41BC007B5945 /* BoardAnchor.swift in Sources */,
				9467A30B2BB918EE0023EA62 /* M1Tank.swift in Sources */,
				94423DE62DAB43ED007B5945 /* Action.swift in Sources */,
				94CF991B2E245F1900E780DE /* FocusSquare.swift in Sources */,
				94CF991C2E245F1900E780DE /* FocusCircle.swift in Sources */,
				94423DE42DAB43BB007B5945 /* GameAction.swift in Sources */,
				94423DF02DAB44AA007B5945 /* SyncDataStructures.swift in Sources */,
				94CCC90E2972EB2400F7D17F /* GameSceneView.swift in Sources */,
				946690C72D9E3FE100343B1B /* GameCell.swift in Sources */,
				94DF3F082975F167006723FC /* UIView+Extension.swift in Sources */,
				94423DEB2DAB4597007B5945 /* FloatCompressor.swift in Sources */,
				946690A52D9E3CF900343B1B /* MovementSyncSceneData.swift in Sources */,
				946690A62D9E3CF900343B1B /* MovementSyncData.swift in Sources */,
				946690A72D9E3CF900343B1B /* MovementData.swift in Sources */,
				94CF99222E24606D00E780DE /* ParticleEmitterComponent+Explosion.swift in Sources */,
				94B173EB2DAA30D90015DC0D /* NetworkSessionDelegate.swift in Sources */,
				94B173F92DAA353F0015DC0D /* MultiuserService.swift in Sources */,
				946690B42D9E3DB400343B1B /* NetworkSession.swift in Sources */,
				94423DDC2DAB42F6007B5945 /* GameVelocity.swift in Sources */,
				94CF992A2E24B79300E780DE /* GameViewController+ARSessionDelegate.swift in Sources */,
				94396BD62D7B469600A83CF4 /* GameViewController+JoystickSceneDelegate.swift in Sources */,
				94B173EF2DAA321B0015DC0D /* GameManagerDelegate.swift in Sources */,
				94CF99122E24597000E780DE /* MeshResource+Conversion.swift in Sources */,
				94CF99132E24597000E780DE /* ShapeResource+Conversion.swift in Sources */,
				94CF99142E24597000E780DE /* simd_quatf+Extension.swift in Sources */,
				94CF99152E24597000E780DE /* Material+Conversion.swift in Sources */,
				94CF99162E24597000E780DE /* SIMD3+Extension.swift in Sources */,
				947691C42E2B5ED300F22DE4 /* SceneDelegate.swift in Sources */,
				94CF99172E24597000E780DE /* Entity+Conversion.swift in Sources */,
				94CF99182E24597000E780DE /* simd_float4x4+Extension.swift in Sources */,
				94B6E8462D7B60BA0064ABD7 /* NotificationName+Extension.swift in Sources */,
				9488F2032D657BA6001C08D9 /* ReticleEntity.swift in Sources */,
				94A68F722C8797070059CD82 /* Matrix4+Extension.swift in Sources */,
				94B173F52DAA34A70015DC0D /* MovementSyncSceneDataDelegate.swift in Sources */,
				94D182A52E2C9172001201FE /* AppDelegate.swift in Sources */,
				94423DDA2DAB42C1007B5945 /* BoardSetupAction.swift in Sources */,
				9412F0762D5B4BEB00D9F1BD /* Ship.swift in Sources */,
				946690BF2D9E3E5100343B1B /* GameCommand.swift in Sources */,
				94423DE22DAB438B007B5945 /* AddNodeAction.swift in Sources */,
				946690AE2D9E3D8B00343B1B /* Player.swift in Sources */,
				94423DD62DAB4214007B5945 /* ARWorldMap+Extension.swift in Sources */,
				94E5448F29672EE200158DA2 /* JoystickSceneDelegate.swift in Sources */,
				94CCC8FF2972E43500F7D17F /* FloatingPoint+Extension.swift in Sources */,
				946690B22D9E3DA900343B1B /* NetworkGame.swift in Sources */,
				9466909F2D9E3CD700343B1B /* BitStreamCodable.swift in Sources */,
				946690A02D9E3CD700343B1B /* BitStream.swift in Sources */,
				94423DD42DAB41DD007B5945 /* KeyPositionAnchor.swift in Sources */,
				946690B02D9E3D9A00343B1B /* GameTime.swift in Sources */,
				946690AA2D9E3D3F00343B1B /* Data+Compression.swift in Sources */,
				945B16AB294E9F5B00482E14 /* Joystick.swift in Sources */,
				94B173E92DAA308E0015DC0D /* GameBrowserDelegate.swift in Sources */,
			);
			runOnlyForDeploymentPostprocessing = 0;
		};
/* End PBXSourcesBuildPhase section */

/* Begin PBXTargetDependency section */
		94E6B9A22E2CCA00008392FF /* PBXTargetDependency */ = {
			isa = PBXTargetDependency;
			target = A7AE72B91F888EF500B015D3 /* ARKitDrone */;
			targetProxy = 94E6B9A12E2CCA00008392FF /* PBXContainerItemProxy */;
		};
/* End PBXTargetDependency section */

/* Begin XCBuildConfiguration section */
		94E6B9A42E2CCA00008392FF /* Debug */ = {
			isa = XCBuildConfiguration;
			buildSettings = {
				BUNDLE_LOADER = "$(TEST_HOST)";
				CLANG_CXX_LANGUAGE_STANDARD = "gnu++20";
				CLANG_ENABLE_OBJC_WEAK = YES;
				"CODE_SIGN_IDENTITY[sdk=macosx*]" = "Apple Development";
				CODE_SIGN_STYLE = Automatic;
				CURRENT_PROJECT_VERSION = 1;
				DEVELOPMENT_TEAM = 9LZ34BLS2W;
				GCC_C_LANGUAGE_STANDARD = gnu17;
				GENERATE_INFOPLIST_FILE = YES;
				IPHONEOS_DEPLOYMENT_TARGET = 18.5;
				LOCALIZATION_PREFERS_STRING_CATALOGS = YES;
				MARKETING_VERSION = 1.0;
				MTL_ENABLE_DEBUG_INFO = INCLUDE_SOURCE;
				MTL_FAST_MATH = YES;
				PRODUCT_BUNDLE_IDENTIFIER = com.froleeyo.ARKitDroneTests;
				PRODUCT_NAME = "$(TARGET_NAME)";
				SWIFT_ACTIVE_COMPILATION_CONDITIONS = "DEBUG $(inherited)";
				SWIFT_EMIT_LOC_STRINGS = NO;
				SWIFT_VERSION = 5.0;
				TARGETED_DEVICE_FAMILY = "1,2";
				TEST_HOST = "$(BUILT_PRODUCTS_DIR)/ARKitDrone.app/$(BUNDLE_EXECUTABLE_FOLDER_PATH)/ARKitDrone";
			};
			name = Debug;
		};
		94E6B9A52E2CCA00008392FF /* Release */ = {
			isa = XCBuildConfiguration;
			buildSettings = {
				BUNDLE_LOADER = "$(TEST_HOST)";
				CLANG_CXX_LANGUAGE_STANDARD = "gnu++20";
				CLANG_ENABLE_OBJC_WEAK = YES;
				"CODE_SIGN_IDENTITY[sdk=macosx*]" = "Apple Development";
				CODE_SIGN_STYLE = Automatic;
				CURRENT_PROJECT_VERSION = 1;
				DEVELOPMENT_TEAM = 9LZ34BLS2W;
				GCC_C_LANGUAGE_STANDARD = gnu17;
				GENERATE_INFOPLIST_FILE = YES;
				IPHONEOS_DEPLOYMENT_TARGET = 18.5;
				LOCALIZATION_PREFERS_STRING_CATALOGS = YES;
				MARKETING_VERSION = 1.0;
				MTL_FAST_MATH = YES;
				PRODUCT_BUNDLE_IDENTIFIER = com.froleeyo.ARKitDroneTests;
				PRODUCT_NAME = "$(TARGET_NAME)";
				SWIFT_EMIT_LOC_STRINGS = NO;
				SWIFT_VERSION = 5.0;
				TARGETED_DEVICE_FAMILY = "1,2";
				TEST_HOST = "$(BUILT_PRODUCTS_DIR)/ARKitDrone.app/$(BUNDLE_EXECUTABLE_FOLDER_PATH)/ARKitDrone";
			};
			name = Release;
		};
		A7AE72CC1F888EF500B015D3 /* Debug */ = {
			isa = XCBuildConfiguration;
			buildSettings = {
				ALWAYS_SEARCH_USER_PATHS = NO;
				ASSETCATALOG_COMPILER_GENERATE_SWIFT_ASSET_SYMBOL_EXTENSIONS = YES;
				CLANG_ANALYZER_NONNULL = YES;
				CLANG_ANALYZER_NUMBER_OBJECT_CONVERSION = YES_AGGRESSIVE;
				CLANG_CXX_LANGUAGE_STANDARD = "gnu++14";
				CLANG_CXX_LIBRARY = "libc++";
				CLANG_ENABLE_MODULES = YES;
				CLANG_ENABLE_OBJC_ARC = YES;
				CLANG_WARN_BLOCK_CAPTURE_AUTORELEASING = YES;
				CLANG_WARN_BOOL_CONVERSION = YES;
				CLANG_WARN_COMMA = YES;
				CLANG_WARN_CONSTANT_CONVERSION = YES;
				CLANG_WARN_DEPRECATED_OBJC_IMPLEMENTATIONS = YES;
				CLANG_WARN_DIRECT_OBJC_ISA_USAGE = YES_ERROR;
				CLANG_WARN_DOCUMENTATION_COMMENTS = YES;
				CLANG_WARN_EMPTY_BODY = YES;
				CLANG_WARN_ENUM_CONVERSION = YES;
				CLANG_WARN_INFINITE_RECURSION = YES;
				CLANG_WARN_INT_CONVERSION = YES;
				CLANG_WARN_NON_LITERAL_NULL_CONVERSION = YES;
				CLANG_WARN_OBJC_IMPLICIT_RETAIN_SELF = YES;
				CLANG_WARN_OBJC_LITERAL_CONVERSION = YES;
				CLANG_WARN_OBJC_ROOT_CLASS = YES_ERROR;
				CLANG_WARN_QUOTED_INCLUDE_IN_FRAMEWORK_HEADER = YES;
				CLANG_WARN_RANGE_LOOP_ANALYSIS = YES;
				CLANG_WARN_STRICT_PROTOTYPES = YES;
				CLANG_WARN_SUSPICIOUS_MOVE = YES;
				CLANG_WARN_UNGUARDED_AVAILABILITY = YES_AGGRESSIVE;
				CLANG_WARN_UNREACHABLE_CODE = YES;
				CLANG_WARN__DUPLICATE_METHOD_MATCH = YES;
				CODE_SIGN_IDENTITY = "iPhone Developer";
				COPY_PHASE_STRIP = NO;
				DEBUG_INFORMATION_FORMAT = dwarf;
				DEVELOPMENT_TEAM = 9LZ34BLS2W;
				ENABLE_STRICT_OBJC_MSGSEND = YES;
				ENABLE_TESTABILITY = YES;
				ENABLE_USER_SCRIPT_SANDBOXING = YES;
				GCC_C_LANGUAGE_STANDARD = gnu11;
				GCC_DYNAMIC_NO_PIC = NO;
				GCC_NO_COMMON_BLOCKS = YES;
				GCC_OPTIMIZATION_LEVEL = 0;
				GCC_PREPROCESSOR_DEFINITIONS = (
					"DEBUG=1",
					"$(inherited)",
				);
				GCC_WARN_64_TO_32_BIT_CONVERSION = YES;
				GCC_WARN_ABOUT_RETURN_TYPE = YES_ERROR;
				GCC_WARN_UNDECLARED_SELECTOR = YES;
				GCC_WARN_UNINITIALIZED_AUTOS = YES_AGGRESSIVE;
				GCC_WARN_UNUSED_FUNCTION = YES;
				GCC_WARN_UNUSED_VARIABLE = YES;
				IPHONEOS_DEPLOYMENT_TARGET = 18.0;
				MTL_ENABLE_DEBUG_INFO = YES;
				ONLY_ACTIVE_ARCH = YES;
				SDKROOT = iphoneos;
				SWIFT_ACTIVE_COMPILATION_CONDITIONS = DEBUG;
				SWIFT_OPTIMIZATION_LEVEL = "-Onone";
				SWIFT_VERSION = 6.0;
			};
			name = Debug;
		};
		A7AE72CD1F888EF500B015D3 /* Release */ = {
			isa = XCBuildConfiguration;
			buildSettings = {
				ALWAYS_SEARCH_USER_PATHS = NO;
				ASSETCATALOG_COMPILER_GENERATE_SWIFT_ASSET_SYMBOL_EXTENSIONS = YES;
				CLANG_ANALYZER_NONNULL = YES;
				CLANG_ANALYZER_NUMBER_OBJECT_CONVERSION = YES_AGGRESSIVE;
				CLANG_CXX_LANGUAGE_STANDARD = "gnu++14";
				CLANG_CXX_LIBRARY = "libc++";
				CLANG_ENABLE_MODULES = YES;
				CLANG_ENABLE_OBJC_ARC = YES;
				CLANG_WARN_BLOCK_CAPTURE_AUTORELEASING = YES;
				CLANG_WARN_BOOL_CONVERSION = YES;
				CLANG_WARN_COMMA = YES;
				CLANG_WARN_CONSTANT_CONVERSION = YES;
				CLANG_WARN_DEPRECATED_OBJC_IMPLEMENTATIONS = YES;
				CLANG_WARN_DIRECT_OBJC_ISA_USAGE = YES_ERROR;
				CLANG_WARN_DOCUMENTATION_COMMENTS = YES;
				CLANG_WARN_EMPTY_BODY = YES;
				CLANG_WARN_ENUM_CONVERSION = YES;
				CLANG_WARN_INFINITE_RECURSION = YES;
				CLANG_WARN_INT_CONVERSION = YES;
				CLANG_WARN_NON_LITERAL_NULL_CONVERSION = YES;
				CLANG_WARN_OBJC_IMPLICIT_RETAIN_SELF = YES;
				CLANG_WARN_OBJC_LITERAL_CONVERSION = YES;
				CLANG_WARN_OBJC_ROOT_CLASS = YES_ERROR;
				CLANG_WARN_QUOTED_INCLUDE_IN_FRAMEWORK_HEADER = YES;
				CLANG_WARN_RANGE_LOOP_ANALYSIS = YES;
				CLANG_WARN_STRICT_PROTOTYPES = YES;
				CLANG_WARN_SUSPICIOUS_MOVE = YES;
				CLANG_WARN_UNGUARDED_AVAILABILITY = YES_AGGRESSIVE;
				CLANG_WARN_UNREACHABLE_CODE = YES;
				CLANG_WARN__DUPLICATE_METHOD_MATCH = YES;
				CODE_SIGN_IDENTITY = "iPhone Developer";
				COPY_PHASE_STRIP = NO;
				DEBUG_INFORMATION_FORMAT = "dwarf-with-dsym";
				DEVELOPMENT_TEAM = 9LZ34BLS2W;
				ENABLE_NS_ASSERTIONS = NO;
				ENABLE_STRICT_OBJC_MSGSEND = YES;
				ENABLE_USER_SCRIPT_SANDBOXING = YES;
				GCC_C_LANGUAGE_STANDARD = gnu11;
				GCC_NO_COMMON_BLOCKS = YES;
				GCC_WARN_64_TO_32_BIT_CONVERSION = YES;
				GCC_WARN_ABOUT_RETURN_TYPE = YES_ERROR;
				GCC_WARN_UNDECLARED_SELECTOR = YES;
				GCC_WARN_UNINITIALIZED_AUTOS = YES_AGGRESSIVE;
				GCC_WARN_UNUSED_FUNCTION = YES;
				GCC_WARN_UNUSED_VARIABLE = YES;
				IPHONEOS_DEPLOYMENT_TARGET = 18.0;
				MTL_ENABLE_DEBUG_INFO = NO;
				SDKROOT = iphoneos;
				SWIFT_COMPILATION_MODE = wholemodule;
				SWIFT_OPTIMIZATION_LEVEL = "-O";
				SWIFT_VERSION = 6.0;
				VALIDATE_PRODUCT = YES;
			};
			name = Release;
		};
		A7AE72CF1F888EF500B015D3 /* Debug */ = {
			isa = XCBuildConfiguration;
			buildSettings = {
				ASSETCATALOG_COMPILER_APPICON_NAME = AppIcon;
				CODE_SIGN_IDENTITY = "Apple Development";
				CODE_SIGN_STYLE = Automatic;
				DEVELOPMENT_TEAM = 9LZ34BLS2W;
				INFOPLIST_FILE = ARKitDrone/Info.plist;
				IPHONEOS_DEPLOYMENT_TARGET = 18.0;
				LD_RUNPATH_SEARCH_PATHS = (
					"$(inherited)",
					"@executable_path/Frameworks",
				);
				PRODUCT_BUNDLE_IDENTIFIER = com.Froleeyo.ARKitDrone2;
				PRODUCT_NAME = "$(TARGET_NAME)";
				PROVISIONING_PROFILE_SPECIFIER = "";
				SUPPORTED_PLATFORMS = "iphoneos iphonesimulator";
				SUPPORTS_MACCATALYST = NO;
				SUPPORTS_MAC_DESIGNED_FOR_IPHONE_IPAD = NO;
				SUPPORTS_XR_DESIGNED_FOR_IPHONE_IPAD = NO;
				SWIFT_VERSION = 6.0;
				TARGETED_DEVICE_FAMILY = "1,2";
			};
			name = Debug;
		};
		A7AE72D01F888EF500B015D3 /* Release */ = {
			isa = XCBuildConfiguration;
			buildSettings = {
				ASSETCATALOG_COMPILER_APPICON_NAME = AppIcon;
				CODE_SIGN_IDENTITY = "Apple Development";
				CODE_SIGN_STYLE = Automatic;
				DEVELOPMENT_TEAM = 9LZ34BLS2W;
				INFOPLIST_FILE = ARKitDrone/Info.plist;
				IPHONEOS_DEPLOYMENT_TARGET = 18.0;
				LD_RUNPATH_SEARCH_PATHS = (
					"$(inherited)",
					"@executable_path/Frameworks",
				);
				PRODUCT_BUNDLE_IDENTIFIER = com.Froleeyo.ARKitDrone2;
				PRODUCT_NAME = "$(TARGET_NAME)";
				PROVISIONING_PROFILE_SPECIFIER = "";
				SUPPORTED_PLATFORMS = "iphoneos iphonesimulator";
				SUPPORTS_MACCATALYST = NO;
				SUPPORTS_MAC_DESIGNED_FOR_IPHONE_IPAD = NO;
				SUPPORTS_XR_DESIGNED_FOR_IPHONE_IPAD = NO;
				SWIFT_VERSION = 6.0;
				TARGETED_DEVICE_FAMILY = "1,2";
			};
			name = Release;
		};
/* End XCBuildConfiguration section */

/* Begin XCConfigurationList section */
		94E6B9A32E2CCA00008392FF /* Build configuration list for PBXNativeTarget "ARKitDroneTests" */ = {
			isa = XCConfigurationList;
			buildConfigurations = (
				94E6B9A42E2CCA00008392FF /* Debug */,
				94E6B9A52E2CCA00008392FF /* Release */,
			);
			defaultConfigurationIsVisible = 0;
			defaultConfigurationName = Release;
		};
		A7AE72B51F888EF500B015D3 /* Build configuration list for PBXProject "ARKitDrone" */ = {
			isa = XCConfigurationList;
			buildConfigurations = (
				A7AE72CC1F888EF500B015D3 /* Debug */,
				A7AE72CD1F888EF500B015D3 /* Release */,
			);
			defaultConfigurationIsVisible = 0;
			defaultConfigurationName = Release;
		};
		A7AE72CE1F888EF500B015D3 /* Build configuration list for PBXNativeTarget "ARKitDrone" */ = {
			isa = XCConfigurationList;
			buildConfigurations = (
				A7AE72CF1F888EF500B015D3 /* Debug */,
				A7AE72D01F888EF500B015D3 /* Release */,
			);
			defaultConfigurationIsVisible = 0;
			defaultConfigurationName = Release;
		};
/* End XCConfigurationList section */
	};
	rootObject = A7AE72B21F888EF500B015D3 /* Project object */;
}
