// !$*UTF8*$!
{
	archiveVersion = 1;
	classes = {
	};
	objectVersion = 48;
	objects = {

/* Begin PBXBuildFile section */
		941706D92972A5F400CB0308 /* ApacheHelicopter.swift in Sources */ = {isa = PBXBuildFile; fileRef = 941706D82972A5F400CB0308 /* ApacheHelicopter.swift */; };
		945B16AB294E9F5B00482E14 /* Joystick.swift in Sources */ = {isa = PBXBuildFile; fileRef = 945B16AA294E9F5B00482E14 /* Joystick.swift */; };
		945B16AD294EB34800482E14 /* JoystickScene.swift in Sources */ = {isa = PBXBuildFile; fileRef = 945B16AC294EB34800482E14 /* JoystickScene.swift */; };
		9470AE472974001A00A55134 /* MenuViewController.swift in Sources */ = {isa = PBXBuildFile; fileRef = 9470AE462974001A00A55134 /* MenuViewController.swift */; };
		9485FA17295EBE42008407B2 /* MatrixHelper.swift in Sources */ = {isa = PBXBuildFile; fileRef = 9485FA16295EBE42008407B2 /* MatrixHelper.swift */; };
		94CCC8EB2972D14600F7D17F /* audio.m4a in Resources */ = {isa = PBXBuildFile; fileRef = 94CCC8EA2972D14600F7D17F /* audio.m4a */; };
		94CCC8EE2972D46400F7D17F /* Missile.swift in Sources */ = {isa = PBXBuildFile; fileRef = 94CCC8ED2972D46400F7D17F /* Missile.swift */; };
		94CCC8F02972D97700F7D17F /* JoystickDelegate.swift in Sources */ = {isa = PBXBuildFile; fileRef = 94CCC8EF2972D97700F7D17F /* JoystickDelegate.swift */; };
		94CCC8FF2972E43500F7D17F /* FloatingPoint+Extension.swift in Sources */ = {isa = PBXBuildFile; fileRef = 94CCC8FE2972E43500F7D17F /* FloatingPoint+Extension.swift */; };
		94CCC90A2972E54000F7D17F /* SCNScene+Extension.swift in Sources */ = {isa = PBXBuildFile; fileRef = 94CCC9092972E54000F7D17F /* SCNScene+Extension.swift */; };
		94CCC90E2972EB2400F7D17F /* GameSceneView.swift in Sources */ = {isa = PBXBuildFile; fileRef = 94CCC90D2972EB2300F7D17F /* GameSceneView.swift */; };
		94CCC9102972F43200F7D17F /* HelicopterCapable.swift in Sources */ = {isa = PBXBuildFile; fileRef = 94CCC90F2972F43200F7D17F /* HelicopterCapable.swift */; };
		94CCC9122972FFB500F7D17F /* DeviceOrientation.swift in Sources */ = {isa = PBXBuildFile; fileRef = 94CCC9112972FFB500F7D17F /* DeviceOrientation.swift */; };
		94D0E37D29732A3400AD55FD /* V-22.swift in Sources */ = {isa = PBXBuildFile; fileRef = 94D0E37C29732A3400AD55FD /* V-22.swift */; };
		94D630322976077000096104 /* UIFont+Extension.swift in Sources */ = {isa = PBXBuildFile; fileRef = 94D630312976077000096104 /* UIFont+Extension.swift */; };
		94DF3F082975F167006723FC /* UIView+Extension.swift in Sources */ = {isa = PBXBuildFile; fileRef = 94DF3F072975F15F006723FC /* UIView+Extension.swift */; };
		94E5448F29672EE200158DA2 /* JoystickSceneDelegate.swift in Sources */ = {isa = PBXBuildFile; fileRef = 94E5448E29672EE200158DA2 /* JoystickSceneDelegate.swift */; };
		A7AE72BE1F888EF500B015D3 /* AppDelegate.swift in Sources */ = {isa = PBXBuildFile; fileRef = A7AE72BD1F888EF500B015D3 /* AppDelegate.swift */; };
		A7AE72C01F888EF500B015D3 /* art.scnassets in Resources */ = {isa = PBXBuildFile; fileRef = A7AE72BF1F888EF500B015D3 /* art.scnassets */; };
		A7AE72C21F888EF500B015D3 /* GameViewController.swift in Sources */ = {isa = PBXBuildFile; fileRef = A7AE72C11F888EF500B015D3 /* GameViewController.swift */; };
		A7AE72C51F888EF500B015D3 /* Main.storyboard in Resources */ = {isa = PBXBuildFile; fileRef = A7AE72C31F888EF500B015D3 /* Main.storyboard */; };
		A7AE72C71F888EF500B015D3 /* Assets.xcassets in Resources */ = {isa = PBXBuildFile; fileRef = A7AE72C61F888EF500B015D3 /* Assets.xcassets */; };
		A7AE72CA1F888EF500B015D3 /* LaunchScreen.storyboard in Resources */ = {isa = PBXBuildFile; fileRef = A7AE72C81F888EF500B015D3 /* LaunchScreen.storyboard */; };
		A7AE72D41F88900600B015D3 /* DroneView.swift in Sources */ = {isa = PBXBuildFile; fileRef = A7AE72D31F88900600B015D3 /* DroneView.swift */; };
/* End PBXBuildFile section */

/* Begin PBXFileReference section */
		941706D82972A5F400CB0308 /* ApacheHelicopter.swift */ = {isa = PBXFileReference; lastKnownFileType = sourcecode.swift; path = ApacheHelicopter.swift; sourceTree = "<group>"; };
		945B16AA294E9F5B00482E14 /* Joystick.swift */ = {isa = PBXFileReference; lastKnownFileType = sourcecode.swift; path = Joystick.swift; sourceTree = "<group>"; };
		945B16AC294EB34800482E14 /* JoystickScene.swift */ = {isa = PBXFileReference; lastKnownFileType = sourcecode.swift; path = JoystickScene.swift; sourceTree = "<group>"; };
		9470AE462974001A00A55134 /* MenuViewController.swift */ = {isa = PBXFileReference; lastKnownFileType = sourcecode.swift; path = MenuViewController.swift; sourceTree = "<group>"; };
		9485FA16295EBE42008407B2 /* MatrixHelper.swift */ = {isa = PBXFileReference; lastKnownFileType = sourcecode.swift; path = MatrixHelper.swift; sourceTree = "<group>"; };
		94CCC8EA2972D14600F7D17F /* audio.m4a */ = {isa = PBXFileReference; lastKnownFileType = file; path = audio.m4a; sourceTree = "<group>"; };
		94CCC8ED2972D46400F7D17F /* Missile.swift */ = {isa = PBXFileReference; lastKnownFileType = sourcecode.swift; path = Missile.swift; sourceTree = "<group>"; };
		94CCC8EF2972D97700F7D17F /* JoystickDelegate.swift */ = {isa = PBXFileReference; lastKnownFileType = sourcecode.swift; path = JoystickDelegate.swift; sourceTree = "<group>"; };
		94CCC8FE2972E43500F7D17F /* FloatingPoint+Extension.swift */ = {isa = PBXFileReference; lastKnownFileType = sourcecode.swift; path = "FloatingPoint+Extension.swift"; sourceTree = "<group>"; };
		94CCC9092972E54000F7D17F /* SCNScene+Extension.swift */ = {isa = PBXFileReference; lastKnownFileType = sourcecode.swift; path = "SCNScene+Extension.swift"; sourceTree = "<group>"; };
		94CCC90D2972EB2300F7D17F /* GameSceneView.swift */ = {isa = PBXFileReference; lastKnownFileType = sourcecode.swift; path = GameSceneView.swift; sourceTree = "<group>"; };
		94CCC90F2972F43200F7D17F /* HelicopterCapable.swift */ = {isa = PBXFileReference; lastKnownFileType = sourcecode.swift; path = HelicopterCapable.swift; sourceTree = "<group>"; };
		94CCC9112972FFB500F7D17F /* DeviceOrientation.swift */ = {isa = PBXFileReference; lastKnownFileType = sourcecode.swift; path = DeviceOrientation.swift; sourceTree = "<group>"; };
		94D0E37C29732A3400AD55FD /* V-22.swift */ = {isa = PBXFileReference; lastKnownFileType = sourcecode.swift; path = "V-22.swift"; sourceTree = "<group>"; };
		94D630312976077000096104 /* UIFont+Extension.swift */ = {isa = PBXFileReference; lastKnownFileType = sourcecode.swift; path = "UIFont+Extension.swift"; sourceTree = "<group>"; };
		94DF3F072975F15F006723FC /* UIView+Extension.swift */ = {isa = PBXFileReference; lastKnownFileType = sourcecode.swift; path = "UIView+Extension.swift"; sourceTree = "<group>"; };
		94E5448E29672EE200158DA2 /* JoystickSceneDelegate.swift */ = {isa = PBXFileReference; lastKnownFileType = sourcecode.swift; path = JoystickSceneDelegate.swift; sourceTree = "<group>"; };
		A7AE72BA1F888EF500B015D3 /* ARKitDrone.app */ = {isa = PBXFileReference; explicitFileType = wrapper.application; includeInIndex = 0; path = ARKitDrone.app; sourceTree = BUILT_PRODUCTS_DIR; };
		A7AE72BD1F888EF500B015D3 /* AppDelegate.swift */ = {isa = PBXFileReference; lastKnownFileType = sourcecode.swift; path = AppDelegate.swift; sourceTree = "<group>"; };
		A7AE72BF1F888EF500B015D3 /* art.scnassets */ = {isa = PBXFileReference; lastKnownFileType = wrapper.scnassets; path = art.scnassets; sourceTree = "<group>"; };
		A7AE72C11F888EF500B015D3 /* GameViewController.swift */ = {isa = PBXFileReference; lastKnownFileType = sourcecode.swift; path = GameViewController.swift; sourceTree = "<group>"; };
		A7AE72C41F888EF500B015D3 /* Base */ = {isa = PBXFileReference; lastKnownFileType = file.storyboard; name = Base; path = Base.lproj/Main.storyboard; sourceTree = "<group>"; };
		A7AE72C61F888EF500B015D3 /* Assets.xcassets */ = {isa = PBXFileReference; lastKnownFileType = folder.assetcatalog; path = Assets.xcassets; sourceTree = "<group>"; };
		A7AE72C91F888EF500B015D3 /* Base */ = {isa = PBXFileReference; lastKnownFileType = file.storyboard; name = Base; path = Base.lproj/LaunchScreen.storyboard; sourceTree = "<group>"; };
		A7AE72CB1F888EF500B015D3 /* Info.plist */ = {isa = PBXFileReference; lastKnownFileType = text.plist.xml; path = Info.plist; sourceTree = "<group>"; };
		A7AE72D31F88900600B015D3 /* DroneView.swift */ = {isa = PBXFileReference; lastKnownFileType = sourcecode.swift; path = DroneView.swift; sourceTree = "<group>"; };
/* End PBXFileReference section */

/* Begin PBXFrameworksBuildPhase section */
		A7AE72B71F888EF500B015D3 /* Frameworks */ = {
			isa = PBXFrameworksBuildPhase;
			buildActionMask = 2147483647;
			files = (
			);
			runOnlyForDeploymentPostprocessing = 0;
		};
/* End PBXFrameworksBuildPhase section */

/* Begin PBXGroup section */
		94CCC8F12972E34500F7D17F /* Joystick */ = {
			isa = PBXGroup;
			children = (
				945B16AA294E9F5B00482E14 /* Joystick.swift */,
				94CCC8EF2972D97700F7D17F /* JoystickDelegate.swift */,
				945B16AC294EB34800482E14 /* JoystickScene.swift */,
				94E5448E29672EE200158DA2 /* JoystickSceneDelegate.swift */,
			);
			path = Joystick;
			sourceTree = "<group>";
		};
		94CCC8F22972E35400F7D17F /* Utilities */ = {
			isa = PBXGroup;
			children = (
				94CCC9112972FFB500F7D17F /* DeviceOrientation.swift */,
				9485FA16295EBE42008407B2 /* MatrixHelper.swift */,
				94CCC8F12972E34500F7D17F /* Joystick */,
			);
			path = Utilities;
			sourceTree = "<group>";
		};
		94CCC8F32972E36100F7D17F /* Models */ = {
			isa = PBXGroup;
			children = (
				941706D82972A5F400CB0308 /* ApacheHelicopter.swift */,
				94D0E37C29732A3400AD55FD /* V-22.swift */,
				94CCC8ED2972D46400F7D17F /* Missile.swift */,
			);
			path = Models;
			sourceTree = "<group>";
		};
		94CCC9062972E4B700F7D17F /* Views */ = {
			isa = PBXGroup;
			children = (
				A7AE72D31F88900600B015D3 /* DroneView.swift */,
				94CCC90F2972F43200F7D17F /* HelicopterCapable.swift */,
				94CCC90D2972EB2300F7D17F /* GameSceneView.swift */,
			);
			path = Views;
			sourceTree = "<group>";
		};
		94CCC9072972E4BF00F7D17F /* Controllers */ = {
			isa = PBXGroup;
			children = (
				A7AE72C11F888EF500B015D3 /* GameViewController.swift */,
				9470AE462974001A00A55134 /* MenuViewController.swift */,
			);
			path = Controllers;
			sourceTree = "<group>";
		};
		94CCC9082972E4D800F7D17F /* Extensions */ = {
			isa = PBXGroup;
			children = (
				94CCC9092972E54000F7D17F /* SCNScene+Extension.swift */,
				94DF3F072975F15F006723FC /* UIView+Extension.swift */,
				94D630312976077000096104 /* UIFont+Extension.swift */,
				94CCC8FE2972E43500F7D17F /* FloatingPoint+Extension.swift */,
			);
			path = Extensions;
			sourceTree = "<group>";
		};
		A7AE72B11F888EF500B015D3 = {
			isa = PBXGroup;
			children = (
				A7AE72BC1F888EF500B015D3 /* ARKitDrone */,
				A7AE72BB1F888EF500B015D3 /* Products */,
			);
			sourceTree = "<group>";
		};
		A7AE72BB1F888EF500B015D3 /* Products */ = {
			isa = PBXGroup;
			children = (
				A7AE72BA1F888EF500B015D3 /* ARKitDrone.app */,
			);
			name = Products;
			sourceTree = "<group>";
		};
		A7AE72BC1F888EF500B015D3 /* ARKitDrone */ = {
			isa = PBXGroup;
			children = (
				94CCC8EA2972D14600F7D17F /* audio.m4a */,
				A7AE72BD1F888EF500B015D3 /* AppDelegate.swift */,
				94CCC9072972E4BF00F7D17F /* Controllers */,
				94CCC9062972E4B700F7D17F /* Views */,
				94CCC8F32972E36100F7D17F /* Models */,
				94CCC9082972E4D800F7D17F /* Extensions */,
				94CCC8F22972E35400F7D17F /* Utilities */,
				A7AE72BF1F888EF500B015D3 /* art.scnassets */,
				A7AE72C31F888EF500B015D3 /* Main.storyboard */,
				A7AE72C61F888EF500B015D3 /* Assets.xcassets */,
				A7AE72C81F888EF500B015D3 /* LaunchScreen.storyboard */,
				A7AE72CB1F888EF500B015D3 /* Info.plist */,
			);
			path = ARKitDrone;
			sourceTree = "<group>";
		};
/* End PBXGroup section */

/* Begin PBXNativeTarget section */
		A7AE72B91F888EF500B015D3 /* ARKitDrone */ = {
			isa = PBXNativeTarget;
			buildConfigurationList = A7AE72CE1F888EF500B015D3 /* Build configuration list for PBXNativeTarget "ARKitDrone" */;
			buildPhases = (
				A7AE72B61F888EF500B015D3 /* Sources */,
				A7AE72B71F888EF500B015D3 /* Frameworks */,
				A7AE72B81F888EF500B015D3 /* Resources */,
			);
			buildRules = (
			);
			dependencies = (
			);
			name = ARKitDrone;
			productName = ARKitDrone;
			productReference = A7AE72BA1F888EF500B015D3 /* ARKitDrone.app */;
			productType = "com.apple.product-type.application";
		};
/* End PBXNativeTarget section */

/* Begin PBXProject section */
		A7AE72B21F888EF500B015D3 /* Project object */ = {
			isa = PBXProject;
			attributes = {
				LastSwiftUpdateCheck = 0910;
				LastUpgradeCheck = 1410;
				ORGANIZATIONNAME = "Christopher Webb-Orenstein";
				TargetAttributes = {
					A7AE72B91F888EF500B015D3 = {
						CreatedOnToolsVersion = 9.1;
						LastSwiftMigration = "";
						ProvisioningStyle = Automatic;
					};
				};
			};
			buildConfigurationList = A7AE72B51F888EF500B015D3 /* Build configuration list for PBXProject "ARKitDrone" */;
			compatibilityVersion = "Xcode 8.0";
			developmentRegion = en;
			hasScannedForEncodings = 0;
			knownRegions = (
				en,
				Base,
			);
			mainGroup = A7AE72B11F888EF500B015D3;
			productRefGroup = A7AE72BB1F888EF500B015D3 /* Products */;
			projectDirPath = "";
			projectRoot = "";
			targets = (
				A7AE72B91F888EF500B015D3 /* ARKitDrone */,
			);
		};
/* End PBXProject section */

/* Begin PBXResourcesBuildPhase section */
		A7AE72B81F888EF500B015D3 /* Resources */ = {
			isa = PBXResourcesBuildPhase;
			buildActionMask = 2147483647;
			files = (
				A7AE72C01F888EF500B015D3 /* art.scnassets in Resources */,
				A7AE72CA1F888EF500B015D3 /* LaunchScreen.storyboard in Resources */,
				94CCC8EB2972D14600F7D17F /* audio.m4a in Resources */,
				A7AE72C71F888EF500B015D3 /* Assets.xcassets in Resources */,
				A7AE72C51F888EF500B015D3 /* Main.storyboard in Resources */,
			);
			runOnlyForDeploymentPostprocessing = 0;
		};
/* End PBXResourcesBuildPhase section */

/* Begin PBXSourcesBuildPhase section */
		A7AE72B61F888EF500B015D3 /* Sources */ = {
			isa = PBXSourcesBuildPhase;
			buildActionMask = 2147483647;
			files = (
				9485FA17295EBE42008407B2 /* MatrixHelper.swift in Sources */,
				945B16AD294EB34800482E14 /* JoystickScene.swift in Sources */,
				941706D92972A5F400CB0308 /* ApacheHelicopter.swift in Sources */,
				A7AE72C21F888EF500B015D3 /* GameViewController.swift in Sources */,
				94CCC8F02972D97700F7D17F /* JoystickDelegate.swift in Sources */,
				94D0E37D29732A3400AD55FD /* V-22.swift in Sources */,
				94CCC8EE2972D46400F7D17F /* Missile.swift in Sources */,
				94D630322976077000096104 /* UIFont+Extension.swift in Sources */,
				94CCC9102972F43200F7D17F /* HelicopterCapable.swift in Sources */,
				94CCC90A2972E54000F7D17F /* SCNScene+Extension.swift in Sources */,
				9470AE472974001A00A55134 /* MenuViewController.swift in Sources */,
				94CCC9122972FFB500F7D17F /* DeviceOrientation.swift in Sources */,
				A7AE72D41F88900600B015D3 /* DroneView.swift in Sources */,
				94CCC90E2972EB2400F7D17F /* GameSceneView.swift in Sources */,
				94DF3F082975F167006723FC /* UIView+Extension.swift in Sources */,
				A7AE72BE1F888EF500B015D3 /* AppDelegate.swift in Sources */,
				94E5448F29672EE200158DA2 /* JoystickSceneDelegate.swift in Sources */,
				94CCC8FF2972E43500F7D17F /* FloatingPoint+Extension.swift in Sources */,
				945B16AB294E9F5B00482E14 /* Joystick.swift in Sources */,
			);
			runOnlyForDeploymentPostprocessing = 0;
		};
/* End PBXSourcesBuildPhase section */

/* Begin PBXVariantGroup section */
		A7AE72C31F888EF500B015D3 /* Main.storyboard */ = {
			isa = PBXVariantGroup;
			children = (
				A7AE72C41F888EF500B015D3 /* Base */,
			);
			name = Main.storyboard;
			sourceTree = "<group>";
		};
		A7AE72C81F888EF500B015D3 /* LaunchScreen.storyboard */ = {
			isa = PBXVariantGroup;
			children = (
				A7AE72C91F888EF500B015D3 /* Base */,
			);
			name = LaunchScreen.storyboard;
			sourceTree = "<group>";
		};
/* End PBXVariantGroup section */

/* Begin XCBuildConfiguration section */
		A7AE72CC1F888EF500B015D3 /* Debug */ = {
			isa = XCBuildConfiguration;
			buildSettings = {
				ALWAYS_SEARCH_USER_PATHS = NO;
				CLANG_ANALYZER_NONNULL = YES;
				CLANG_ANALYZER_NUMBER_OBJECT_CONVERSION = YES_AGGRESSIVE;
				CLANG_CXX_LANGUAGE_STANDARD = "gnu++14";
				CLANG_CXX_LIBRARY = "libc++";
				CLANG_ENABLE_MODULES = YES;
				CLANG_ENABLE_OBJC_ARC = YES;
				CLANG_WARN_BLOCK_CAPTURE_AUTORELEASING = YES;
				CLANG_WARN_BOOL_CONVERSION = YES;
				CLANG_WARN_COMMA = YES;
				CLANG_WARN_CONSTANT_CONVERSION = YES;
				CLANG_WARN_DEPRECATED_OBJC_IMPLEMENTATIONS = YES;
				CLANG_WARN_DIRECT_OBJC_ISA_USAGE = YES_ERROR;
				CLANG_WARN_DOCUMENTATION_COMMENTS = YES;
				CLANG_WARN_EMPTY_BODY = YES;
				CLANG_WARN_ENUM_CONVERSION = YES;
				CLANG_WARN_INFINITE_RECURSION = YES;
				CLANG_WARN_INT_CONVERSION = YES;
				CLANG_WARN_NON_LITERAL_NULL_CONVERSION = YES;
				CLANG_WARN_OBJC_IMPLICIT_RETAIN_SELF = YES;
				CLANG_WARN_OBJC_LITERAL_CONVERSION = YES;
				CLANG_WARN_OBJC_ROOT_CLASS = YES_ERROR;
				CLANG_WARN_QUOTED_INCLUDE_IN_FRAMEWORK_HEADER = YES;
				CLANG_WARN_RANGE_LOOP_ANALYSIS = YES;
				CLANG_WARN_STRICT_PROTOTYPES = YES;
				CLANG_WARN_SUSPICIOUS_MOVE = YES;
				CLANG_WARN_UNGUARDED_AVAILABILITY = YES_AGGRESSIVE;
				CLANG_WARN_UNREACHABLE_CODE = YES;
				CLANG_WARN__DUPLICATE_METHOD_MATCH = YES;
				CODE_SIGN_IDENTITY = "iPhone Developer";
				COPY_PHASE_STRIP = NO;
				DEBUG_INFORMATION_FORMAT = dwarf;
				ENABLE_STRICT_OBJC_MSGSEND = YES;
				ENABLE_TESTABILITY = YES;
				GCC_C_LANGUAGE_STANDARD = gnu11;
				GCC_DYNAMIC_NO_PIC = NO;
				GCC_NO_COMMON_BLOCKS = YES;
				GCC_OPTIMIZATION_LEVEL = 0;
				GCC_PREPROCESSOR_DEFINITIONS = (
					"DEBUG=1",
					"$(inherited)",
				);
				GCC_WARN_64_TO_32_BIT_CONVERSION = YES;
				GCC_WARN_ABOUT_RETURN_TYPE = YES_ERROR;
				GCC_WARN_UNDECLARED_SELECTOR = YES;
				GCC_WARN_UNINITIALIZED_AUTOS = YES_AGGRESSIVE;
				GCC_WARN_UNUSED_FUNCTION = YES;
				GCC_WARN_UNUSED_VARIABLE = YES;
				IPHONEOS_DEPLOYMENT_TARGET = 15.6;
				MTL_ENABLE_DEBUG_INFO = YES;
				ONLY_ACTIVE_ARCH = YES;
				SDKROOT = iphoneos;
				SWIFT_ACTIVE_COMPILATION_CONDITIONS = DEBUG;
				SWIFT_OPTIMIZATION_LEVEL = "-Onone";
				SWIFT_VERSION = 5.0;
			};
			name = Debug;
		};
		A7AE72CD1F888EF500B015D3 /* Release */ = {
			isa = XCBuildConfiguration;
			buildSettings = {
				ALWAYS_SEARCH_USER_PATHS = NO;
				CLANG_ANALYZER_NONNULL = YES;
				CLANG_ANALYZER_NUMBER_OBJECT_CONVERSION = YES_AGGRESSIVE;
				CLANG_CXX_LANGUAGE_STANDARD = "gnu++14";
				CLANG_CXX_LIBRARY = "libc++";
				CLANG_ENABLE_MODULES = YES;
				CLANG_ENABLE_OBJC_ARC = YES;
				CLANG_WARN_BLOCK_CAPTURE_AUTORELEASING = YES;
				CLANG_WARN_BOOL_CONVERSION = YES;
				CLANG_WARN_COMMA = YES;
				CLANG_WARN_CONSTANT_CONVERSION = YES;
				CLANG_WARN_DEPRECATED_OBJC_IMPLEMENTATIONS = YES;
				CLANG_WARN_DIRECT_OBJC_ISA_USAGE = YES_ERROR;
				CLANG_WARN_DOCUMENTATION_COMMENTS = YES;
				CLANG_WARN_EMPTY_BODY = YES;
				CLANG_WARN_ENUM_CONVERSION = YES;
				CLANG_WARN_INFINITE_RECURSION = YES;
				CLANG_WARN_INT_CONVERSION = YES;
				CLANG_WARN_NON_LITERAL_NULL_CONVERSION = YES;
				CLANG_WARN_OBJC_IMPLICIT_RETAIN_SELF = YES;
				CLANG_WARN_OBJC_LITERAL_CONVERSION = YES;
				CLANG_WARN_OBJC_ROOT_CLASS = YES_ERROR;
				CLANG_WARN_QUOTED_INCLUDE_IN_FRAMEWORK_HEADER = YES;
				CLANG_WARN_RANGE_LOOP_ANALYSIS = YES;
				CLANG_WARN_STRICT_PROTOTYPES = YES;
				CLANG_WARN_SUSPICIOUS_MOVE = YES;
				CLANG_WARN_UNGUARDED_AVAILABILITY = YES_AGGRESSIVE;
				CLANG_WARN_UNREACHABLE_CODE = YES;
				CLANG_WARN__DUPLICATE_METHOD_MATCH = YES;
				CODE_SIGN_IDENTITY = "iPhone Developer";
				COPY_PHASE_STRIP = NO;
				DEBUG_INFORMATION_FORMAT = "dwarf-with-dsym";
				ENABLE_NS_ASSERTIONS = NO;
				ENABLE_STRICT_OBJC_MSGSEND = YES;
				GCC_C_LANGUAGE_STANDARD = gnu11;
				GCC_NO_COMMON_BLOCKS = YES;
				GCC_WARN_64_TO_32_BIT_CONVERSION = YES;
				GCC_WARN_ABOUT_RETURN_TYPE = YES_ERROR;
				GCC_WARN_UNDECLARED_SELECTOR = YES;
				GCC_WARN_UNINITIALIZED_AUTOS = YES_AGGRESSIVE;
				GCC_WARN_UNUSED_FUNCTION = YES;
				GCC_WARN_UNUSED_VARIABLE = YES;
				IPHONEOS_DEPLOYMENT_TARGET = 15.6;
				MTL_ENABLE_DEBUG_INFO = NO;
				SDKROOT = iphoneos;
				SWIFT_OPTIMIZATION_LEVEL = "-Owholemodule";
				SWIFT_VERSION = 5.0;
				VALIDATE_PRODUCT = YES;
			};
			name = Release;
		};
		A7AE72CF1F888EF500B015D3 /* Debug */ = {
			isa = XCBuildConfiguration;
			buildSettings = {
				ASSETCATALOG_COMPILER_APPICON_NAME = AppIcon;
				CODE_SIGN_STYLE = Automatic;
				DEVELOPMENT_TEAM = 4SZP4Q326F;
				INFOPLIST_FILE = ARKitDrone/Info.plist;
				LD_RUNPATH_SEARCH_PATHS = "$(inherited) @executable_path/Frameworks";
				PRODUCT_BUNDLE_IDENTIFIER = com.Froleeyo.ARKitDrone;
				PRODUCT_NAME = "$(TARGET_NAME)";
				SWIFT_VERSION = 5.0;
				TARGETED_DEVICE_FAMILY = "1,2";
			};
			name = Debug;
		};
		A7AE72D01F888EF500B015D3 /* Release */ = {
			isa = XCBuildConfiguration;
			buildSettings = {
				ASSETCATALOG_COMPILER_APPICON_NAME = AppIcon;
				CODE_SIGN_STYLE = Automatic;
				DEVELOPMENT_TEAM = 4SZP4Q326F;
				INFOPLIST_FILE = ARKitDrone/Info.plist;
				LD_RUNPATH_SEARCH_PATHS = "$(inherited) @executable_path/Frameworks";
				PRODUCT_BUNDLE_IDENTIFIER = com.Froleeyo.ARKitDrone;
				PRODUCT_NAME = "$(TARGET_NAME)";
				SWIFT_VERSION = 5.0;
				TARGETED_DEVICE_FAMILY = "1,2";
			};
			name = Release;
		};
/* End XCBuildConfiguration section */

/* Begin XCConfigurationList section */
		A7AE72B51F888EF500B015D3 /* Build configuration list for PBXProject "ARKitDrone" */ = {
			isa = XCConfigurationList;
			buildConfigurations = (
				A7AE72CC1F888EF500B015D3 /* Debug */,
				A7AE72CD1F888EF500B015D3 /* Release */,
			);
			defaultConfigurationIsVisible = 0;
			defaultConfigurationName = Release;
		};
		A7AE72CE1F888EF500B015D3 /* Build configuration list for PBXNativeTarget "ARKitDrone" */ = {
			isa = XCConfigurationList;
			buildConfigurations = (
				A7AE72CF1F888EF500B015D3 /* Debug */,
				A7AE72D01F888EF500B015D3 /* Release */,
			);
			defaultConfigurationIsVisible = 0;
			defaultConfigurationName = Release;
		};
/* End XCConfigurationList section */
	};
	rootObject = A7AE72B21F888EF500B015D3 /* Project object */;
}
